// !$*UTF8*$!
{
	archiveVersion = 1;
	classes = {
	};
	objectVersion = 46;
	objects = {

/* Begin PBXBuildFile section */
		2092DD0E1E55534E0021C2B0 /* AppDelegate.swift in Sources */ = {isa = PBXBuildFile; fileRef = 2092DD0D1E55534E0021C2B0 /* AppDelegate.swift */; };
		2092DD101E55534E0021C2B0 /* ViewController.swift in Sources */ = {isa = PBXBuildFile; fileRef = 2092DD0F1E55534E0021C2B0 /* ViewController.swift */; };
		2092DD131E55534E0021C2B0 /* Main.storyboard in Resources */ = {isa = PBXBuildFile; fileRef = 2092DD111E55534E0021C2B0 /* Main.storyboard */; };
		2092DD151E55534E0021C2B0 /* Assets.xcassets in Resources */ = {isa = PBXBuildFile; fileRef = 2092DD141E55534E0021C2B0 /* Assets.xcassets */; };
		2092DD181E55534E0021C2B0 /* LaunchScreen.storyboard in Resources */ = {isa = PBXBuildFile; fileRef = 2092DD161E55534E0021C2B0 /* LaunchScreen.storyboard */; };
		2092DD201E5553B00021C2B0 /* Student.swift in Sources */ = {isa = PBXBuildFile; fileRef = 2092DD1F1E5553B00021C2B0 /* Student.swift */; };
/* End PBXBuildFile section */

/* Begin PBXFileReference section */
		2092DD0A1E55534E0021C2B0 /* DecoratorPattern.app */ = {isa = PBXFileReference; explicitFileType = wrapper.application; includeInIndex = 0; path = DecoratorPattern.app; sourceTree = BUILT_PRODUCTS_DIR; };
		2092DD0D1E55534E0021C2B0 /* AppDelegate.swift */ = {isa = PBXFileReference; lastKnownFileType = sourcecode.swift; path = AppDelegate.swift; sourceTree = "<group>"; };
		2092DD0F1E55534E0021C2B0 /* ViewController.swift */ = {isa = PBXFileReference; lastKnownFileType = sourcecode.swift; path = ViewController.swift; sourceTree = "<group>"; };
		2092DD121E55534E0021C2B0 /* Base */ = {isa = PBXFileReference; lastKnownFileType = file.storyboard; name = Base; path = Base.lproj/Main.storyboard; sourceTree = "<group>"; };
		2092DD141E55534E0021C2B0 /* Assets.xcassets */ = {isa = PBXFileReference; lastKnownFileType = folder.assetcatalog; path = Assets.xcassets; sourceTree = "<group>"; };
		2092DD171E55534E0021C2B0 /* Base */ = {isa = PBXFileReference; lastKnownFileType = file.storyboard; name = Base; path = Base.lproj/LaunchScreen.storyboard; sourceTree = "<group>"; };
		2092DD191E55534E0021C2B0 /* Info.plist */ = {isa = PBXFileReference; lastKnownFileType = text.plist.xml; path = Info.plist; sourceTree = "<group>"; };
		2092DD1F1E5553B00021C2B0 /* Student.swift */ = {isa = PBXFileReference; fileEncoding = 4; lastKnownFileType = sourcecode.swift; path = Student.swift; sourceTree = "<group>"; };
/* End PBXFileReference section */

/* Begin PBXFrameworksBuildPhase section */
		2092DD071E55534E0021C2B0 /* Frameworks */ = {
			isa = PBXFrameworksBuildPhase;
			buildActionMask = 2147483647;
			files = (
			);
			runOnlyForDeploymentPostprocessing = 0;
		};
/* End PBXFrameworksBuildPhase section */

/* Begin PBXGroup section */
		2092DD011E55534E0021C2B0 = {
			isa = PBXGroup;
			children = (
				2092DD0C1E55534E0021C2B0 /* DecoratorPattern */,
				2092DD0B1E55534E0021C2B0 /* Products */,
			);
			sourceTree = "<group>";
		};
		2092DD0B1E55534E0021C2B0 /* Products */ = {
			isa = PBXGroup;
			children = (
				2092DD0A1E55534E0021C2B0 /* DecoratorPattern.app */,
			);
			name = Products;
			sourceTree = "<group>";
		};
		2092DD0C1E55534E0021C2B0 /* DecoratorPattern */ = {
			isa = PBXGroup;
			children = (
				2092DD0D1E55534E0021C2B0 /* AppDelegate.swift */,
				2092DD0F1E55534E0021C2B0 /* ViewController.swift */,
				2092DD111E55534E0021C2B0 /* Main.storyboard */,
				2092DD141E55534E0021C2B0 /* Assets.xcassets */,
				2092DD161E55534E0021C2B0 /* LaunchScreen.storyboard */,
				2092DD191E55534E0021C2B0 /* Info.plist */,
				2092DD1F1E5553B00021C2B0 /* Student.swift */,
			);
			path = DecoratorPattern;
			sourceTree = "<group>";
		};
/* End PBXGroup section */

/* Begin PBXNativeTarget section */
		2092DD091E55534E0021C2B0 /* DecoratorPattern */ = {
			isa = PBXNativeTarget;
			buildConfigurationList = 2092DD1C1E55534E0021C2B0 /* Build configuration list for PBXNativeTarget "DecoratorPattern" */;
			buildPhases = (
				2092DD061E55534E0021C2B0 /* Sources */,
				2092DD071E55534E0021C2B0 /* Frameworks */,
				2092DD081E55534E0021C2B0 /* Resources */,
			);
			buildRules = (
			);
			dependencies = (
			);
			name = DecoratorPattern;
			productName = DecoratorPattern;
			productReference = 2092DD0A1E55534E0021C2B0 /* DecoratorPattern.app */;
			productType = "com.apple.product-type.application";
		};
/* End PBXNativeTarget section */

/* Begin PBXProject section */
		2092DD021E55534E0021C2B0 /* Project object */ = {
			isa = PBXProject;
			attributes = {
				LastSwiftUpdateCheck = 0820;
				LastUpgradeCheck = 0820;
				ORGANIZATIONNAME = JLS;
				TargetAttributes = {
					2092DD091E55534E0021C2B0 = {
						CreatedOnToolsVersion = 8.2.1;
						DevelopmentTeam = CZV446DQTU;
						ProvisioningStyle = Automatic;
					};
				};
			};
			buildConfigurationList = 2092DD051E55534E0021C2B0 /* Build configuration list for PBXProject "DecoratorPattern" */;
			compatibilityVersion = "Xcode 3.2";
			developmentRegion = English;
			hasScannedForEncodings = 0;
			knownRegions = (
				en,
				Base,
			);
			mainGroup = 2092DD011E55534E0021C2B0;
			productRefGroup = 2092DD0B1E55534E0021C2B0 /* Products */;
			projectDirPath = "";
			projectRoot = "";
			targets = (
				2092DD091E55534E0021C2B0 /* DecoratorPattern */,
			);
		};
/* End PBXProject section */

/* Begin PBXResourcesBuildPhase section */
		2092DD081E55534E0021C2B0 /* Resources */ = {
			isa = PBXResourcesBuildPhase;
			buildActionMask = 2147483647;
			files = (
				2092DD181E55534E0021C2B0 /* LaunchScreen.storyboard in Resources */,
				2092DD151E55534E0021C2B0 /* Assets.xcassets in Resources */,
				2092DD131E55534E0021C2B0 /* Main.storyboard in Resources */,
			);
			runOnlyForDeploymentPostprocessing = 0;
		};
/* End PBXResourcesBuildPhase section */

/* Begin PBXSourcesBuildPhase section */
		2092DD061E55534E0021C2B0 /* Sources */ = {
			isa = PBXSourcesBuildPhase;
			buildActionMask = 2147483647;
			files = (
				2092DD101E55534E0021C2B0 /* ViewController.swift in Sources */,
				2092DD201E5553B00021C2B0 /* Student.swift in Sources */,
				2092DD0E1E55534E0021C2B0 /* AppDelegate.swift in Sources */,
			);
			runOnlyForDeploymentPostprocessing = 0;
		};
/* End PBXSourcesBuildPhase section */

/* Begin PBXVariantGroup section */
		2092DD111E55534E0021C2B0 /* Main.storyboard */ = {
			isa = PBXVariantGroup;
			children = (
				2092DD121E55534E0021C2B0 /* Base */,
			);
			name = Main.storyboard;
			sourceTree = "<group>";
		};
		2092DD161E55534E0021C2B0 /* LaunchScreen.storyboard */ = {
			isa = PBXVariantGroup;
			children = (
				2092DD171E55534E0021C2B0 /* Base */,
			);
			name = LaunchScreen.storyboard;
			sourceTree = "<group>";
		};
/* End PBXVariantGroup section */

/* Begin XCBuildConfiguration section */
		2092DD1A1E55534E0021C2B0 /* Debug */ = {
			isa = XCBuildConfiguration;
			buildSettings = {
				ALWAYS_SEARCH_USER_PATHS = NO;
				CLANG_ANALYZER_NONNULL = YES;
				CLANG_CXX_LANGUAGE_STANDARD = "gnu++0x";
				CLANG_CXX_LIBRARY = "libc++";
				CLANG_ENABLE_MODULES = YES;
				CLANG_ENABLE_OBJC_ARC = YES;
				CLANG_WARN_BOOL_CONVERSION = YES;
				CLANG_WARN_CONSTANT_CONVERSION = YES;
				CLANG_WARN_DIRECT_OBJC_ISA_USAGE = YES_ERROR;
				CLANG_WARN_DOCUMENTATION_COMMENTS = YES;
				CLANG_WARN_EMPTY_BODY = YES;
				CLANG_WARN_ENUM_CONVERSION = YES;
				CLANG_WARN_INFINITE_RECURSION = YES;
				CLANG_WARN_INT_CONVERSION = YES;
				CLANG_WARN_OBJC_ROOT_CLASS = YES_ERROR;
				CLANG_WARN_SUSPICIOUS_MOVE = YES;
				CLANG_WARN_UNREACHABLE_CODE = YES;
				CLANG_WARN__DUPLICATE_METHOD_MATCH = YES;
				"CODE_SIGN_IDENTITY[sdk=iphoneos*]" = "iPhone Developer";
				COPY_PHASE_STRIP = NO;
				DEBUG_INFORMATION_FORMAT = dwarf;
				ENABLE_STRICT_OBJC_MSGSEND = YES;
				ENABLE_TESTABILITY = YES;
				GCC_C_LANGUAGE_STANDARD = gnu99;
				GCC_DYNAMIC_NO_PIC = NO;
				GCC_NO_COMMON_BLOCKS = YES;
				GCC_OPTIMIZATION_LEVEL = 0;
				GCC_PREPROCESSOR_DEFINITIONS = (
					"DEBUG=1",
					"$(inherited)",
				);
				GCC_WARN_64_TO_32_BIT_CONVERSION = YES;
				GCC_WARN_ABOUT_RETURN_TYPE = YES_ERROR;
				GCC_WARN_UNDECLARED_SELECTOR = YES;
				GCC_WARN_UNINITIALIZED_AUTOS = YES_AGGRESSIVE;
				GCC_WARN_UNUSED_FUNCTION = YES;
				GCC_WARN_UNUSED_VARIABLE = YES;
				IPHONEOS_DEPLOYMENT_TARGET = 10.2;
				MTL_ENABLE_DEBUG_INFO = YES;
				ONLY_ACTIVE_ARCH = YES;
				SDKROOT = iphoneos;
				SWIFT_ACTIVE_COMPILATION_CONDITIONS = DEBUG;
				SWIFT_OPTIMIZATION_LEVEL = "-Onone";
				TARGETED_DEVICE_FAMILY = "1,2";
			};
			name = Debug;
		};
		2092DD1B1E55534E0021C2B0 /* Release */ = {
			isa = XCBuildConfiguration;
			buildSettings = {
				ALWAYS_SEARCH_USER_PATHS = NO;
				CLANG_ANALYZER_NONNULL = YES;
				CLANG_CXX_LANGUAGE_STANDARD = "gnu++0x";
				CLANG_CXX_LIBRARY = "libc++";
				CLANG_ENABLE_MODULES = YES;
				CLANG_ENABLE_OBJC_ARC = YES;
				CLANG_WARN_BOOL_CONVERSION = YES;
				CLANG_WARN_CONSTANT_CONVERSION = YES;
				CLANG_WARN_DIRECT_OBJC_ISA_USAGE = YES_ERROR;
				CLANG_WARN_DOCUMENTATION_COMMENTS = YES;
				CLANG_WARN_EMPTY_BODY = YES;
				CLANG_WARN_ENUM_CONVERSION = YES;
				CLANG_WARN_INFINITE_RECURSION = YES;
				CLANG_WARN_INT_CONVERSION = YES;
				CLANG_WARN_OBJC_ROOT_CLASS = YES_ERROR;
				CLANG_WARN_SUSPICIOUS_MOVE = YES;
				CLANG_WARN_UNREACHABLE_CODE = YES;
				CLANG_WARN__DUPLICATE_METHOD_MATCH = YES;
				"CODE_SIGN_IDENTITY[sdk=iphoneos*]" = "iPhone Developer";
				COPY_PHASE_STRIP = NO;
				DEBUG_INFORMATION_FORMAT = "dwarf-with-dsym";
				ENABLE_NS_ASSERTIONS = NO;
				ENABLE_STRICT_OBJC_MSGSEND = YES;
				GCC_C_LANGUAGE_STANDARD = gnu99;
				GCC_NO_COMMON_BLOCKS = YES;
				GCC_WARN_64_TO_32_BIT_CONVERSION = YES;
				GCC_WARN_ABOUT_RETURN_TYPE = YES_ERROR;
				GCC_WARN_UNDECLARED_SELECTOR = YES;
				GCC_WARN_UNINITIALIZED_AUTOS = YES_AGGRESSIVE;
				GCC_WARN_UNUSED_FUNCTION = YES;
				GCC_WARN_UNUSED_VARIABLE = YES;
				IPHONEOS_DEPLOYMENT_TARGET = 10.2;
				MTL_ENABLE_DEBUG_INFO = NO;
				SDKROOT = iphoneos;
				SWIFT_OPTIMIZATION_LEVEL = "-Owholemodule";
				TARGETED_DEVICE_FAMILY = "1,2";
				VALIDATE_PRODUCT = YES;
			};
			name = Release;
		};
		2092DD1D1E55534E0021C2B0 /* Debug */ = {
			isa = XCBuildConfiguration;
			buildSettings = {
				ASSETCATALOG_COMPILER_APPICON_NAME = AppIcon;
				DEVELOPMENT_TEAM = CZV446DQTU;
				INFOPLIST_FILE = DecoratorPattern/Info.plist;
				LD_RUNPATH_SEARCH_PATHS = "$(inherited) @executable_path/Frameworks";
				PRODUCT_BUNDLE_IDENTIFIER = Poly.DecoratorPattern;
				PRODUCT_NAME = "$(TARGET_NAME)";
				SWIFT_VERSION = 3.0;
			};
			name = Debug;
		};
		2092DD1E1E55534E0021C2B0 /* Release */ = {
			isa = XCBuildConfiguration;
			buildSettings = {
				ASSETCATALOG_COMPILER_APPICON_NAME = AppIcon;
				DEVELOPMENT_TEAM = CZV446DQTU;
				INFOPLIST_FILE = DecoratorPattern/Info.plist;
				LD_RUNPATH_SEARCH_PATHS = "$(inherited) @executable_path/Frameworks";
				PRODUCT_BUNDLE_IDENTIFIER = Poly.DecoratorPattern;
				PRODUCT_NAME = "$(TARGET_NAME)";
				SWIFT_VERSION = 3.0;
			};
			name = Release;
		};
/* End XCBuildConfiguration section */

/* Begin XCConfigurationList section */
		2092DD051E55534E0021C2B0 /* Build configuration list for PBXProject "DecoratorPattern" */ = {
			isa = XCConfigurationList;
			buildConfigurations = (
				2092DD1A1E55534E0021C2B0 /* Debug */,
				2092DD1B1E55534E0021C2B0 /* Release */,
			);
			defaultConfigurationIsVisible = 0;
			defaultConfigurationName = Release;
		};
		2092DD1C1E55534E0021C2B0 /* Build configuration list for PBXNativeTarget "DecoratorPattern" */ = {
			isa = XCConfigurationList;
			buildConfigurations = (
				2092DD1D1E55534E0021C2B0 /* Debug */,
				2092DD1E1E55534E0021C2B0 /* Release */,
			);
			defaultConfigurationIsVisible = 0;
		};
/* End XCConfigurationList section */
	};
	rootObject = 2092DD021E55534E0021C2B0 /* Project object */;
}
