// !$*UTF8*$!
{
	archiveVersion = 1;
	classes = {
	};
	objectVersion = 50;
	objects = {

/* Begin PBXBuildFile section */
		6BB91484218C81EF002CE00A /* AppDelegate.m in Sources */ = {isa = PBXBuildFile; fileRef = 6BB91483218C81EF002CE00A /* AppDelegate.m */; };
		6BB91487218C81EF002CE00A /* ViewController.m in Sources */ = {isa = PBXBuildFile; fileRef = 6BB91486218C81EF002CE00A /* ViewController.m */; };
		6BB9148A218C81EF002CE00A /* Main.storyboard in Resources */ = {isa = PBXBuildFile; fileRef = 6BB91488218C81EF002CE00A /* Main.storyboard */; };
		6BB9148C218C81F0002CE00A /* Assets.xcassets in Resources */ = {isa = PBXBuildFile; fileRef = 6BB9148B218C81F0002CE00A /* Assets.xcassets */; };
		6BB9148F218C81F0002CE00A /* LaunchScreen.storyboard in Resources */ = {isa = PBXBuildFile; fileRef = 6BB9148D218C81F0002CE00A /* LaunchScreen.storyboard */; };
		6BB91492218C81F0002CE00A /* main.m in Sources */ = {isa = PBXBuildFile; fileRef = 6BB91491218C81F0002CE00A /* main.m */; };
		6BB9149A218C8203002CE00A /* Student.m in Sources */ = {isa = PBXBuildFile; fileRef = 6BB91499218C8203002CE00A /* Student.m */; };
		6BB9149D218C83C9002CE00A /* NSObject+KeyValues.m in Sources */ = {isa = PBXBuildFile; fileRef = 6BB9149C218C83C9002CE00A /* NSObject+KeyValues.m */; };
		6BB914AD218D4263002CE00A /* FMDatabaseQueue.m in Sources */ = {isa = PBXBuildFile; fileRef = 6BB914A3218D4263002CE00A /* FMDatabaseQueue.m */; };
		6BB914AE218D4263002CE00A /* FMDatabaseAdditions.m in Sources */ = {isa = PBXBuildFile; fileRef = 6BB914A6218D4263002CE00A /* FMDatabaseAdditions.m */; };
		6BB914AF218D4263002CE00A /* FMDatabase.m in Sources */ = {isa = PBXBuildFile; fileRef = 6BB914A7218D4263002CE00A /* FMDatabase.m */; };
		6BB914B0218D4263002CE00A /* FMDatabasePool.m in Sources */ = {isa = PBXBuildFile; fileRef = 6BB914AB218D4263002CE00A /* FMDatabasePool.m */; };
		6BB914B1218D4263002CE00A /* FMResultSet.m in Sources */ = {isa = PBXBuildFile; fileRef = 6BB914AC218D4263002CE00A /* FMResultSet.m */; };
		6BB914B4219453EE002CE00A /* NSObject+JSONModel.m in Sources */ = {isa = PBXBuildFile; fileRef = 6BB914B3219453EE002CE00A /* NSObject+JSONModel.m */; };
		6BB914B721945B6D002CE00A /* ViewControllerA.m in Sources */ = {isa = PBXBuildFile; fileRef = 6BB914B621945B6D002CE00A /* ViewControllerA.m */; };
/* End PBXBuildFile section */

/* Begin PBXFileReference section */
		6BB9147F218C81EF002CE00A /* DataBase.app */ = {isa = PBXFileReference; explicitFileType = wrapper.application; includeInIndex = 0; path = DataBase.app; sourceTree = BUILT_PRODUCTS_DIR; };
		6BB91482218C81EF002CE00A /* AppDelegate.h */ = {isa = PBXFileReference; lastKnownFileType = sourcecode.c.h; path = AppDelegate.h; sourceTree = "<group>"; };
		6BB91483218C81EF002CE00A /* AppDelegate.m */ = {isa = PBXFileReference; lastKnownFileType = sourcecode.c.objc; path = AppDelegate.m; sourceTree = "<group>"; };
		6BB91485218C81EF002CE00A /* ViewController.h */ = {isa = PBXFileReference; lastKnownFileType = sourcecode.c.h; path = ViewController.h; sourceTree = "<group>"; };
		6BB91486218C81EF002CE00A /* ViewController.m */ = {isa = PBXFileReference; lastKnownFileType = sourcecode.c.objc; path = ViewController.m; sourceTree = "<group>"; };
		6BB91489218C81EF002CE00A /* Base */ = {isa = PBXFileReference; lastKnownFileType = file.storyboard; name = Base; path = Base.lproj/Main.storyboard; sourceTree = "<group>"; };
		6BB9148B218C81F0002CE00A /* Assets.xcassets */ = {isa = PBXFileReference; lastKnownFileType = folder.assetcatalog; path = Assets.xcassets; sourceTree = "<group>"; };
		6BB9148E218C81F0002CE00A /* Base */ = {isa = PBXFileReference; lastKnownFileType = file.storyboard; name = Base; path = Base.lproj/LaunchScreen.storyboard; sourceTree = "<group>"; };
		6BB91490218C81F0002CE00A /* Info.plist */ = {isa = PBXFileReference; lastKnownFileType = text.plist.xml; path = Info.plist; sourceTree = "<group>"; };
		6BB91491218C81F0002CE00A /* main.m */ = {isa = PBXFileReference; lastKnownFileType = sourcecode.c.objc; path = main.m; sourceTree = "<group>"; };
		6BB91498218C8203002CE00A /* Student.h */ = {isa = PBXFileReference; lastKnownFileType = sourcecode.c.h; path = Student.h; sourceTree = "<group>"; };
		6BB91499218C8203002CE00A /* Student.m */ = {isa = PBXFileReference; lastKnownFileType = sourcecode.c.objc; path = Student.m; sourceTree = "<group>"; };
		6BB9149B218C83C9002CE00A /* NSObject+KeyValues.h */ = {isa = PBXFileReference; lastKnownFileType = sourcecode.c.h; path = "NSObject+KeyValues.h"; sourceTree = "<group>"; };
		6BB9149C218C83C9002CE00A /* NSObject+KeyValues.m */ = {isa = PBXFileReference; lastKnownFileType = sourcecode.c.objc; path = "NSObject+KeyValues.m"; sourceTree = "<group>"; };
		6BB9149E218C8478002CE00A /* PrefixHeader.pch */ = {isa = PBXFileReference; lastKnownFileType = sourcecode.c.h; path = PrefixHeader.pch; sourceTree = "<group>"; };
		6BB914A2218D4263002CE00A /* FMDatabase.h */ = {isa = PBXFileReference; fileEncoding = 4; lastKnownFileType = sourcecode.c.h; path = FMDatabase.h; sourceTree = "<group>"; };
		6BB914A3218D4263002CE00A /* FMDatabaseQueue.m */ = {isa = PBXFileReference; fileEncoding = 4; lastKnownFileType = sourcecode.c.objc; path = FMDatabaseQueue.m; sourceTree = "<group>"; };
		6BB914A4218D4263002CE00A /* FMResultSet.h */ = {isa = PBXFileReference; fileEncoding = 4; lastKnownFileType = sourcecode.c.h; path = FMResultSet.h; sourceTree = "<group>"; };
		6BB914A5218D4263002CE00A /* FMDatabasePool.h */ = {isa = PBXFileReference; fileEncoding = 4; lastKnownFileType = sourcecode.c.h; path = FMDatabasePool.h; sourceTree = "<group>"; };
		6BB914A6218D4263002CE00A /* FMDatabaseAdditions.m */ = {isa = PBXFileReference; fileEncoding = 4; lastKnownFileType = sourcecode.c.objc; path = FMDatabaseAdditions.m; sourceTree = "<group>"; };
		6BB914A7218D4263002CE00A /* FMDatabase.m */ = {isa = PBXFileReference; fileEncoding = 4; lastKnownFileType = sourcecode.c.objc; path = FMDatabase.m; sourceTree = "<group>"; };
		6BB914A8218D4263002CE00A /* FMDatabaseQueue.h */ = {isa = PBXFileReference; fileEncoding = 4; lastKnownFileType = sourcecode.c.h; path = FMDatabaseQueue.h; sourceTree = "<group>"; };
		6BB914A9218D4263002CE00A /* FMDB.h */ = {isa = PBXFileReference; fileEncoding = 4; lastKnownFileType = sourcecode.c.h; path = FMDB.h; sourceTree = "<group>"; };
		6BB914AA218D4263002CE00A /* FMDatabaseAdditions.h */ = {isa = PBXFileReference; fileEncoding = 4; lastKnownFileType = sourcecode.c.h; path = FMDatabaseAdditions.h; sourceTree = "<group>"; };
		6BB914AB218D4263002CE00A /* FMDatabasePool.m */ = {isa = PBXFileReference; fileEncoding = 4; lastKnownFileType = sourcecode.c.objc; path = FMDatabasePool.m; sourceTree = "<group>"; };
		6BB914AC218D4263002CE00A /* FMResultSet.m */ = {isa = PBXFileReference; fileEncoding = 4; lastKnownFileType = sourcecode.c.objc; path = FMResultSet.m; sourceTree = "<group>"; };
		6BB914B2219453EE002CE00A /* NSObject+JSONModel.h */ = {isa = PBXFileReference; lastKnownFileType = sourcecode.c.h; path = "NSObject+JSONModel.h"; sourceTree = "<group>"; };
		6BB914B3219453EE002CE00A /* NSObject+JSONModel.m */ = {isa = PBXFileReference; lastKnownFileType = sourcecode.c.objc; path = "NSObject+JSONModel.m"; sourceTree = "<group>"; };
		6BB914B521945B6D002CE00A /* ViewControllerA.h */ = {isa = PBXFileReference; lastKnownFileType = sourcecode.c.h; path = ViewControllerA.h; sourceTree = "<group>"; };
		6BB914B621945B6D002CE00A /* ViewControllerA.m */ = {isa = PBXFileReference; lastKnownFileType = sourcecode.c.objc; path = ViewControllerA.m; sourceTree = "<group>"; };
/* End PBXFileReference section */

/* Begin PBXFrameworksBuildPhase section */
		6BB9147C218C81EF002CE00A /* Frameworks */ = {
			isa = PBXFrameworksBuildPhase;
			buildActionMask = 2147483647;
			files = (
			);
			runOnlyForDeploymentPostprocessing = 0;
		};
/* End PBXFrameworksBuildPhase section */

/* Begin PBXGroup section */
		6BB91476218C81EF002CE00A = {
			isa = PBXGroup;
			children = (
				6BB91481218C81EF002CE00A /* DataBase */,
				6BB91480218C81EF002CE00A /* Products */,
			);
			sourceTree = "<group>";
		};
		6BB91480218C81EF002CE00A /* Products */ = {
			isa = PBXGroup;
			children = (
				6BB9147F218C81EF002CE00A /* DataBase.app */,
			);
			name = Products;
			sourceTree = "<group>";
		};
		6BB91481218C81EF002CE00A /* DataBase */ = {
			isa = PBXGroup;
			children = (
				6BB914A1218D4263002CE00A /* fmdb */,
				6BB91482218C81EF002CE00A /* AppDelegate.h */,
				6BB91483218C81EF002CE00A /* AppDelegate.m */,
				6BB91485218C81EF002CE00A /* ViewController.h */,
				6BB91486218C81EF002CE00A /* ViewController.m */,
				6BB91488218C81EF002CE00A /* Main.storyboard */,
				6BB9148B218C81F0002CE00A /* Assets.xcassets */,
				6BB9148D218C81F0002CE00A /* LaunchScreen.storyboard */,
				6BB91490218C81F0002CE00A /* Info.plist */,
				6BB91491218C81F0002CE00A /* main.m */,
				6BB91498218C8203002CE00A /* Student.h */,
				6BB91499218C8203002CE00A /* Student.m */,
				6BB9149B218C83C9002CE00A /* NSObject+KeyValues.h */,
				6BB9149C218C83C9002CE00A /* NSObject+KeyValues.m */,
				6BB9149E218C8478002CE00A /* PrefixHeader.pch */,
				6BB914B2219453EE002CE00A /* NSObject+JSONModel.h */,
				6BB914B3219453EE002CE00A /* NSObject+JSONModel.m */,
				6BB914B521945B6D002CE00A /* ViewControllerA.h */,
				6BB914B621945B6D002CE00A /* ViewControllerA.m */,
			);
			path = DataBase;
			sourceTree = "<group>";
		};
		6BB914A1218D4263002CE00A /* fmdb */ = {
			isa = PBXGroup;
			children = (
				6BB914A2218D4263002CE00A /* FMDatabase.h */,
				6BB914A7218D4263002CE00A /* FMDatabase.m */,
				6BB914A8218D4263002CE00A /* FMDatabaseQueue.h */,
				6BB914A3218D4263002CE00A /* FMDatabaseQueue.m */,
				6BB914A4218D4263002CE00A /* FMResultSet.h */,
				6BB914AC218D4263002CE00A /* FMResultSet.m */,
				6BB914A5218D4263002CE00A /* FMDatabasePool.h */,
				6BB914AB218D4263002CE00A /* FMDatabasePool.m */,
				6BB914AA218D4263002CE00A /* FMDatabaseAdditions.h */,
				6BB914A6218D4263002CE00A /* FMDatabaseAdditions.m */,
				6BB914A9218D4263002CE00A /* FMDB.h */,
			);
			path = fmdb;
			sourceTree = "<group>";
		};
/* End PBXGroup section */

/* Begin PBXNativeTarget section */
		6BB9147E218C81EF002CE00A /* DataBase */ = {
			isa = PBXNativeTarget;
			buildConfigurationList = 6BB91495218C81F0002CE00A /* Build configuration list for PBXNativeTarget "DataBase" */;
			buildPhases = (
				6BB9147B218C81EF002CE00A /* Sources */,
				6BB9147C218C81EF002CE00A /* Frameworks */,
				6BB9147D218C81EF002CE00A /* Resources */,
			);
			buildRules = (
			);
			dependencies = (
			);
			name = DataBase;
			productName = DataBase;
			productReference = 6BB9147F218C81EF002CE00A /* DataBase.app */;
			productType = "com.apple.product-type.application";
		};
/* End PBXNativeTarget section */

/* Begin PBXProject section */
		6BB91477218C81EF002CE00A /* Project object */ = {
			isa = PBXProject;
			attributes = {
				LastUpgradeCheck = 0930;
				ORGANIZATIONNAME = jls;
				TargetAttributes = {
					6BB9147E218C81EF002CE00A = {
						CreatedOnToolsVersion = 9.3.1;
					};
				};
			};
			buildConfigurationList = 6BB9147A218C81EF002CE00A /* Build configuration list for PBXProject "DataBase" */;
			compatibilityVersion = "Xcode 9.3";
			developmentRegion = en;
			hasScannedForEncodings = 0;
			knownRegions = (
				en,
				Base,
			);
			mainGroup = 6BB91476218C81EF002CE00A;
			productRefGroup = 6BB91480218C81EF002CE00A /* Products */;
			projectDirPath = "";
			projectRoot = "";
			targets = (
				6BB9147E218C81EF002CE00A /* DataBase */,
			);
		};
/* End PBXProject section */

/* Begin PBXResourcesBuildPhase section */
		6BB9147D218C81EF002CE00A /* Resources */ = {
			isa = PBXResourcesBuildPhase;
			buildActionMask = 2147483647;
			files = (
				6BB9148F218C81F0002CE00A /* LaunchScreen.storyboard in Resources */,
				6BB9148C218C81F0002CE00A /* Assets.xcassets in Resources */,
				6BB9148A218C81EF002CE00A /* Main.storyboard in Resources */,
			);
			runOnlyForDeploymentPostprocessing = 0;
		};
/* End PBXResourcesBuildPhase section */

/* Begin PBXSourcesBuildPhase section */
		6BB9147B218C81EF002CE00A /* Sources */ = {
			isa = PBXSourcesBuildPhase;
			buildActionMask = 2147483647;
			files = (
				6BB91487218C81EF002CE00A /* ViewController.m in Sources */,
				6BB914B4219453EE002CE00A /* NSObject+JSONModel.m in Sources */,
				6BB91492218C81F0002CE00A /* main.m in Sources */,
				6BB91484218C81EF002CE00A /* AppDelegate.m in Sources */,
				6BB9149D218C83C9002CE00A /* NSObject+KeyValues.m in Sources */,
				6BB914B1218D4263002CE00A /* FMResultSet.m in Sources */,
				6BB914B0218D4263002CE00A /* FMDatabasePool.m in Sources */,
				6BB9149A218C8203002CE00A /* Student.m in Sources */,
				6BB914B721945B6D002CE00A /* ViewControllerA.m in Sources */,
				6BB914AE218D4263002CE00A /* FMDatabaseAdditions.m in Sources */,
				6BB914AD218D4263002CE00A /* FMDatabaseQueue.m in Sources */,
				6BB914AF218D4263002CE00A /* FMDatabase.m in Sources */,
			);
			runOnlyForDeploymentPostprocessing = 0;
		};
/* End PBXSourcesBuildPhase section */

/* Begin PBXVariantGroup section */
		6BB91488218C81EF002CE00A /* Main.storyboard */ = {
			isa = PBXVariantGroup;
			children = (
				6BB91489218C81EF002CE00A /* Base */,
			);
			name = Main.storyboard;
			sourceTree = "<group>";
		};
		6BB9148D218C81F0002CE00A /* LaunchScreen.storyboard */ = {
			isa = PBXVariantGroup;
			children = (
				6BB9148E218C81F0002CE00A /* Base */,
			);
			name = LaunchScreen.storyboard;
			sourceTree = "<group>";
		};
/* End PBXVariantGroup section */

/* Begin XCBuildConfiguration section */
		6BB91493218C81F0002CE00A /* Debug */ = {
			isa = XCBuildConfiguration;
			buildSettings = {
				ALWAYS_SEARCH_USER_PATHS = NO;
				CLANG_ANALYZER_NONNULL = YES;
				CLANG_ANALYZER_NUMBER_OBJECT_CONVERSION = YES_AGGRESSIVE;
				CLANG_CXX_LANGUAGE_STANDARD = "gnu++14";
				CLANG_CXX_LIBRARY = "libc++";
				CLANG_ENABLE_MODULES = YES;
				CLANG_ENABLE_OBJC_ARC = YES;
				CLANG_ENABLE_OBJC_WEAK = YES;
				CLANG_WARN_BLOCK_CAPTURE_AUTORELEASING = YES;
				CLANG_WARN_BOOL_CONVERSION = YES;
				CLANG_WARN_COMMA = YES;
				CLANG_WARN_CONSTANT_CONVERSION = YES;
				CLANG_WARN_DEPRECATED_OBJC_IMPLEMENTATIONS = YES;
				CLANG_WARN_DIRECT_OBJC_ISA_USAGE = YES_ERROR;
				CLANG_WARN_DOCUMENTATION_COMMENTS = YES;
				CLANG_WARN_EMPTY_BODY = YES;
				CLANG_WARN_ENUM_CONVERSION = YES;
				CLANG_WARN_INFINITE_RECURSION = YES;
				CLANG_WARN_INT_CONVERSION = YES;
				CLANG_WARN_NON_LITERAL_NULL_CONVERSION = YES;
				CLANG_WARN_OBJC_IMPLICIT_RETAIN_SELF = YES;
				CLANG_WARN_OBJC_LITERAL_CONVERSION = YES;
				CLANG_WARN_OBJC_ROOT_CLASS = YES_ERROR;
				CLANG_WARN_RANGE_LOOP_ANALYSIS = YES;
				CLANG_WARN_STRICT_PROTOTYPES = YES;
				CLANG_WARN_SUSPICIOUS_MOVE = YES;
				CLANG_WARN_UNGUARDED_AVAILABILITY = YES_AGGRESSIVE;
				CLANG_WARN_UNREACHABLE_CODE = YES;
				CLANG_WARN__DUPLICATE_METHOD_MATCH = YES;
				CODE_SIGN_IDENTITY = "iPhone Developer";
				COPY_PHASE_STRIP = NO;
				DEBUG_INFORMATION_FORMAT = dwarf;
				ENABLE_STRICT_OBJC_MSGSEND = YES;
				ENABLE_TESTABILITY = YES;
				GCC_C_LANGUAGE_STANDARD = gnu11;
				GCC_DYNAMIC_NO_PIC = NO;
				GCC_NO_COMMON_BLOCKS = YES;
				GCC_OPTIMIZATION_LEVEL = 0;
				GCC_PREPROCESSOR_DEFINITIONS = (
					"DEBUG=1",
					"$(inherited)",
				);
				GCC_WARN_64_TO_32_BIT_CONVERSION = YES;
				GCC_WARN_ABOUT_RETURN_TYPE = YES_ERROR;
				GCC_WARN_UNDECLARED_SELECTOR = YES;
				GCC_WARN_UNINITIALIZED_AUTOS = YES_AGGRESSIVE;
				GCC_WARN_UNUSED_FUNCTION = YES;
				GCC_WARN_UNUSED_VARIABLE = YES;
				IPHONEOS_DEPLOYMENT_TARGET = 11.3;
				MTL_ENABLE_DEBUG_INFO = YES;
				ONLY_ACTIVE_ARCH = YES;
				SDKROOT = iphoneos;
			};
			name = Debug;
		};
		6BB91494218C81F0002CE00A /* Release */ = {
			isa = XCBuildConfiguration;
			buildSettings = {
				ALWAYS_SEARCH_USER_PATHS = NO;
				CLANG_ANALYZER_NONNULL = YES;
				CLANG_ANALYZER_NUMBER_OBJECT_CONVERSION = YES_AGGRESSIVE;
				CLANG_CXX_LANGUAGE_STANDARD = "gnu++14";
				CLANG_CXX_LIBRARY = "libc++";
				CLANG_ENABLE_MODULES = YES;
				CLANG_ENABLE_OBJC_ARC = YES;
				CLANG_ENABLE_OBJC_WEAK = YES;
				CLANG_WARN_BLOCK_CAPTURE_AUTORELEASING = YES;
				CLANG_WARN_BOOL_CONVERSION = YES;
				CLANG_WARN_COMMA = YES;
				CLANG_WARN_CONSTANT_CONVERSION = YES;
				CLANG_WARN_DEPRECATED_OBJC_IMPLEMENTATIONS = YES;
				CLANG_WARN_DIRECT_OBJC_ISA_USAGE = YES_ERROR;
				CLANG_WARN_DOCUMENTATION_COMMENTS = YES;
				CLANG_WARN_EMPTY_BODY = YES;
				CLANG_WARN_ENUM_CONVERSION = YES;
				CLANG_WARN_INFINITE_RECURSION = YES;
				CLANG_WARN_INT_CONVERSION = YES;
				CLANG_WARN_NON_LITERAL_NULL_CONVERSION = YES;
				CLANG_WARN_OBJC_IMPLICIT_RETAIN_SELF = YES;
				CLANG_WARN_OBJC_LITERAL_CONVERSION = YES;
				CLANG_WARN_OBJC_ROOT_CLASS = YES_ERROR;
				CLANG_WARN_RANGE_LOOP_ANALYSIS = YES;
				CLANG_WARN_STRICT_PROTOTYPES = YES;
				CLANG_WARN_SUSPICIOUS_MOVE = YES;
				CLANG_WARN_UNGUARDED_AVAILABILITY = YES_AGGRESSIVE;
				CLANG_WARN_UNREACHABLE_CODE = YES;
				CLANG_WARN__DUPLICATE_METHOD_MATCH = YES;
				CODE_SIGN_IDENTITY = "iPhone Developer";
				COPY_PHASE_STRIP = NO;
				DEBUG_INFORMATION_FORMAT = "dwarf-with-dsym";
				ENABLE_NS_ASSERTIONS = NO;
				ENABLE_STRICT_OBJC_MSGSEND = YES;
				GCC_C_LANGUAGE_STANDARD = gnu11;
				GCC_NO_COMMON_BLOCKS = YES;
				GCC_WARN_64_TO_32_BIT_CONVERSION = YES;
				GCC_WARN_ABOUT_RETURN_TYPE = YES_ERROR;
				GCC_WARN_UNDECLARED_SELECTOR = YES;
				GCC_WARN_UNINITIALIZED_AUTOS = YES_AGGRESSIVE;
				GCC_WARN_UNUSED_FUNCTION = YES;
				GCC_WARN_UNUSED_VARIABLE = YES;
				IPHONEOS_DEPLOYMENT_TARGET = 11.3;
				MTL_ENABLE_DEBUG_INFO = NO;
				SDKROOT = iphoneos;
				VALIDATE_PRODUCT = YES;
			};
			name = Release;
		};
		6BB91496218C81F0002CE00A /* Debug */ = {
			isa = XCBuildConfiguration;
			buildSettings = {
				ASSETCATALOG_COMPILER_APPICON_NAME = AppIcon;
				CODE_SIGN_STYLE = Automatic;
				DEVELOPMENT_TEAM = MHAGAL73YZ;
				GCC_PREFIX_HEADER = "${SRCROOT}/DataBase/prefixHeader.pch";
				INFOPLIST_FILE = DataBase/Info.plist;
				LD_RUNPATH_SEARCH_PATHS = (
					"$(inherited)",
					"@executable_path/Frameworks",
				);
				PRODUCT_BUNDLE_IDENTIFIER = DataBase.DataBase;
				PRODUCT_NAME = "$(TARGET_NAME)";
				TARGETED_DEVICE_FAMILY = "1,2";
			};
			name = Debug;
		};
		6BB91497218C81F0002CE00A /* Release */ = {
			isa = XCBuildConfiguration;
			buildSettings = {
				ASSETCATALOG_COMPILER_APPICON_NAME = AppIcon;
				CODE_SIGN_STYLE = Automatic;
				DEVELOPMENT_TEAM = MHAGAL73YZ;
				GCC_PREFIX_HEADER = "${SRCROOT}/DataBase/prefixHeader.pch";
				INFOPLIST_FILE = DataBase/Info.plist;
				LD_RUNPATH_SEARCH_PATHS = (
					"$(inherited)",
					"@executable_path/Frameworks",
				);
				PRODUCT_BUNDLE_IDENTIFIER = DataBase.DataBase;
				PRODUCT_NAME = "$(TARGET_NAME)";
				TARGETED_DEVICE_FAMILY = "1,2";
			};
			name = Release;
		};
/* End XCBuildConfiguration section */

/* Begin XCConfigurationList section */
		6BB9147A218C81EF002CE00A /* Build configuration list for PBXProject "DataBase" */ = {
			isa = XCConfigurationList;
			buildConfigurations = (
				6BB91493218C81F0002CE00A /* Debug */,
				6BB91494218C81F0002CE00A /* Release */,
			);
			defaultConfigurationIsVisible = 0;
			defaultConfigurationName = Release;
		};
		6BB91495218C81F0002CE00A /* Build configuration list for PBXNativeTarget "DataBase" */ = {
			isa = XCConfigurationList;
			buildConfigurations = (
				6BB91496218C81F0002CE00A /* Debug */,
				6BB91497218C81F0002CE00A /* Release */,
			);
			defaultConfigurationIsVisible = 0;
			defaultConfigurationName = Release;
		};
/* End XCConfigurationList section */
	};
	rootObject = 6BB91477218C81EF002CE00A /* Project object */;
}
