// !$*UTF8*$!
{
	archiveVersion = 1;
	classes = {
	};
	objectVersion = 46;
	objects = {

/* Begin PBXBuildFile section */
		6B47F0B71E573595001657F1 /* AppDelegate.swift in Sources */ = {isa = PBXBuildFile; fileRef = 6B47F0B61E573595001657F1 /* AppDelegate.swift */; };
		6B47F0B91E573595001657F1 /* ViewController.swift in Sources */ = {isa = PBXBuildFile; fileRef = 6B47F0B81E573595001657F1 /* ViewController.swift */; };
		6B47F0BC1E573595001657F1 /* Main.storyboard in Resources */ = {isa = PBXBuildFile; fileRef = 6B47F0BA1E573595001657F1 /* Main.storyboard */; };
		6B47F0BE1E573595001657F1 /* Assets.xcassets in Resources */ = {isa = PBXBuildFile; fileRef = 6B47F0BD1E573595001657F1 /* Assets.xcassets */; };
		6B47F0C11E573595001657F1 /* LaunchScreen.storyboard in Resources */ = {isa = PBXBuildFile; fileRef = 6B47F0BF1E573595001657F1 /* LaunchScreen.storyboard */; };
		6B47F0C91E5735BD001657F1 /* Item.swift in Sources */ = {isa = PBXBuildFile; fileRef = 6B47F0C81E5735BD001657F1 /* Item.swift */; };
		6B47F0CB1E575AEB001657F1 /* Meal.swift in Sources */ = {isa = PBXBuildFile; fileRef = 6B47F0CA1E575AEB001657F1 /* Meal.swift */; };
		6B47F0CD1E575FDC001657F1 /* Packing.swift in Sources */ = {isa = PBXBuildFile; fileRef = 6B47F0CC1E575FDC001657F1 /* Packing.swift */; };
		6B47F0CF1E576845001657F1 /* MealBuilder.swift in Sources */ = {isa = PBXBuildFile; fileRef = 6B47F0CE1E576845001657F1 /* MealBuilder.swift */; };
/* End PBXBuildFile section */

/* Begin PBXFileReference section */
		6B47F0B31E573595001657F1 /* BuilderPattern.app */ = {isa = PBXFileReference; explicitFileType = wrapper.application; includeInIndex = 0; path = BuilderPattern.app; sourceTree = BUILT_PRODUCTS_DIR; };
		6B47F0B61E573595001657F1 /* AppDelegate.swift */ = {isa = PBXFileReference; lastKnownFileType = sourcecode.swift; path = AppDelegate.swift; sourceTree = "<group>"; };
		6B47F0B81E573595001657F1 /* ViewController.swift */ = {isa = PBXFileReference; lastKnownFileType = sourcecode.swift; path = ViewController.swift; sourceTree = "<group>"; };
		6B47F0BB1E573595001657F1 /* Base */ = {isa = PBXFileReference; lastKnownFileType = file.storyboard; name = Base; path = Base.lproj/Main.storyboard; sourceTree = "<group>"; };
		6B47F0BD1E573595001657F1 /* Assets.xcassets */ = {isa = PBXFileReference; lastKnownFileType = folder.assetcatalog; path = Assets.xcassets; sourceTree = "<group>"; };
		6B47F0C01E573595001657F1 /* Base */ = {isa = PBXFileReference; lastKnownFileType = file.storyboard; name = Base; path = Base.lproj/LaunchScreen.storyboard; sourceTree = "<group>"; };
		6B47F0C21E573595001657F1 /* Info.plist */ = {isa = PBXFileReference; lastKnownFileType = text.plist.xml; path = Info.plist; sourceTree = "<group>"; };
		6B47F0C81E5735BD001657F1 /* Item.swift */ = {isa = PBXFileReference; fileEncoding = 4; lastKnownFileType = sourcecode.swift; path = Item.swift; sourceTree = "<group>"; };
		6B47F0CA1E575AEB001657F1 /* Meal.swift */ = {isa = PBXFileReference; fileEncoding = 4; lastKnownFileType = sourcecode.swift; path = Meal.swift; sourceTree = "<group>"; };
		6B47F0CC1E575FDC001657F1 /* Packing.swift */ = {isa = PBXFileReference; fileEncoding = 4; lastKnownFileType = sourcecode.swift; path = Packing.swift; sourceTree = "<group>"; };
		6B47F0CE1E576845001657F1 /* MealBuilder.swift */ = {isa = PBXFileReference; fileEncoding = 4; lastKnownFileType = sourcecode.swift; path = MealBuilder.swift; sourceTree = "<group>"; };
/* End PBXFileReference section */

/* Begin PBXFrameworksBuildPhase section */
		6B47F0B01E573595001657F1 /* Frameworks */ = {
			isa = PBXFrameworksBuildPhase;
			buildActionMask = 2147483647;
			files = (
			);
			runOnlyForDeploymentPostprocessing = 0;
		};
/* End PBXFrameworksBuildPhase section */

/* Begin PBXGroup section */
		6B47F0AA1E573595001657F1 = {
			isa = PBXGroup;
			children = (
				6B47F0B51E573595001657F1 /* BuilderPattern */,
				6B47F0B41E573595001657F1 /* Products */,
			);
			sourceTree = "<group>";
		};
		6B47F0B41E573595001657F1 /* Products */ = {
			isa = PBXGroup;
			children = (
				6B47F0B31E573595001657F1 /* BuilderPattern.app */,
			);
			name = Products;
			sourceTree = "<group>";
		};
		6B47F0B51E573595001657F1 /* BuilderPattern */ = {
			isa = PBXGroup;
			children = (
				6B47F0B61E573595001657F1 /* AppDelegate.swift */,
				6B47F0B81E573595001657F1 /* ViewController.swift */,
				6B47F0BA1E573595001657F1 /* Main.storyboard */,
				6B47F0BD1E573595001657F1 /* Assets.xcassets */,
				6B47F0BF1E573595001657F1 /* LaunchScreen.storyboard */,
				6B47F0C21E573595001657F1 /* Info.plist */,
				6B47F0C81E5735BD001657F1 /* Item.swift */,
				6B47F0CA1E575AEB001657F1 /* Meal.swift */,
				6B47F0CC1E575FDC001657F1 /* Packing.swift */,
				6B47F0CE1E576845001657F1 /* MealBuilder.swift */,
			);
			path = BuilderPattern;
			sourceTree = "<group>";
		};
/* End PBXGroup section */

/* Begin PBXNativeTarget section */
		6B47F0B21E573595001657F1 /* BuilderPattern */ = {
			isa = PBXNativeTarget;
			buildConfigurationList = 6B47F0C51E573595001657F1 /* Build configuration list for PBXNativeTarget "BuilderPattern" */;
			buildPhases = (
				6B47F0AF1E573595001657F1 /* Sources */,
				6B47F0B01E573595001657F1 /* Frameworks */,
				6B47F0B11E573595001657F1 /* Resources */,
			);
			buildRules = (
			);
			dependencies = (
			);
			name = BuilderPattern;
			productName = BuilderPattern;
			productReference = 6B47F0B31E573595001657F1 /* BuilderPattern.app */;
			productType = "com.apple.product-type.application";
		};
/* End PBXNativeTarget section */

/* Begin PBXProject section */
		6B47F0AB1E573595001657F1 /* Project object */ = {
			isa = PBXProject;
			attributes = {
				LastSwiftUpdateCheck = 0810;
				LastUpgradeCheck = 0810;
				ORGANIZATIONNAME = JLS;
				TargetAttributes = {
					6B47F0B21E573595001657F1 = {
						CreatedOnToolsVersion = 8.1;
						ProvisioningStyle = Automatic;
					};
				};
			};
			buildConfigurationList = 6B47F0AE1E573595001657F1 /* Build configuration list for PBXProject "BuilderPattern" */;
			compatibilityVersion = "Xcode 3.2";
			developmentRegion = English;
			hasScannedForEncodings = 0;
			knownRegions = (
				English,
				en,
				Base,
			);
			mainGroup = 6B47F0AA1E573595001657F1;
			productRefGroup = 6B47F0B41E573595001657F1 /* Products */;
			projectDirPath = "";
			projectRoot = "";
			targets = (
				6B47F0B21E573595001657F1 /* BuilderPattern */,
			);
		};
/* End PBXProject section */

/* Begin PBXResourcesBuildPhase section */
		6B47F0B11E573595001657F1 /* Resources */ = {
			isa = PBXResourcesBuildPhase;
			buildActionMask = 2147483647;
			files = (
				6B47F0C11E573595001657F1 /* LaunchScreen.storyboard in Resources */,
				6B47F0BE1E573595001657F1 /* Assets.xcassets in Resources */,
				6B47F0BC1E573595001657F1 /* Main.storyboard in Resources */,
			);
			runOnlyForDeploymentPostprocessing = 0;
		};
/* End PBXResourcesBuildPhase section */

/* Begin PBXSourcesBuildPhase section */
		6B47F0AF1E573595001657F1 /* Sources */ = {
			isa = PBXSourcesBuildPhase;
			buildActionMask = 2147483647;
			files = (
				6B47F0CB1E575AEB001657F1 /* Meal.swift in Sources */,
				6B47F0CD1E575FDC001657F1 /* Packing.swift in Sources */,
				6B47F0CF1E576845001657F1 /* MealBuilder.swift in Sources */,
				6B47F0B91E573595001657F1 /* ViewController.swift in Sources */,
				6B47F0C91E5735BD001657F1 /* Item.swift in Sources */,
				6B47F0B71E573595001657F1 /* AppDelegate.swift in Sources */,
			);
			runOnlyForDeploymentPostprocessing = 0;
		};
/* End PBXSourcesBuildPhase section */

/* Begin PBXVariantGroup section */
		6B47F0BA1E573595001657F1 /* Main.storyboard */ = {
			isa = PBXVariantGroup;
			children = (
				6B47F0BB1E573595001657F1 /* Base */,
			);
			name = Main.storyboard;
			sourceTree = "<group>";
		};
		6B47F0BF1E573595001657F1 /* LaunchScreen.storyboard */ = {
			isa = PBXVariantGroup;
			children = (
				6B47F0C01E573595001657F1 /* Base */,
			);
			name = LaunchScreen.storyboard;
			sourceTree = "<group>";
		};
/* End PBXVariantGroup section */

/* Begin XCBuildConfiguration section */
		6B47F0C31E573595001657F1 /* Debug */ = {
			isa = XCBuildConfiguration;
			buildSettings = {
				ALWAYS_SEARCH_USER_PATHS = NO;
				CLANG_ANALYZER_NONNULL = YES;
				CLANG_CXX_LANGUAGE_STANDARD = "gnu++0x";
				CLANG_CXX_LIBRARY = "libc++";
				CLANG_ENABLE_MODULES = YES;
				CLANG_ENABLE_OBJC_ARC = YES;
				CLANG_WARN_BOOL_CONVERSION = YES;
				CLANG_WARN_CONSTANT_CONVERSION = YES;
				CLANG_WARN_DIRECT_OBJC_ISA_USAGE = YES_ERROR;
				CLANG_WARN_DOCUMENTATION_COMMENTS = YES;
				CLANG_WARN_EMPTY_BODY = YES;
				CLANG_WARN_ENUM_CONVERSION = YES;
				CLANG_WARN_INFINITE_RECURSION = YES;
				CLANG_WARN_INT_CONVERSION = YES;
				CLANG_WARN_OBJC_ROOT_CLASS = YES_ERROR;
				CLANG_WARN_SUSPICIOUS_MOVES = YES;
				CLANG_WARN_UNREACHABLE_CODE = YES;
				CLANG_WARN__DUPLICATE_METHOD_MATCH = YES;
				CODE_SIGN_IDENTITY = "Apple Development";
				"CODE_SIGN_IDENTITY[sdk=iphoneos*]" = "Apple Development";
				CODE_SIGN_INJECT_BASE_ENTITLEMENTS = YES;
				COPY_PHASE_STRIP = NO;
				DEBUG_INFORMATION_FORMAT = dwarf;
				ENABLE_STRICT_OBJC_MSGSEND = YES;
				ENABLE_TESTABILITY = YES;
				GCC_C_LANGUAGE_STANDARD = gnu99;
				GCC_DYNAMIC_NO_PIC = NO;
				GCC_NO_COMMON_BLOCKS = YES;
				GCC_OPTIMIZATION_LEVEL = 0;
				GCC_PREPROCESSOR_DEFINITIONS = (
					"DEBUG=1",
					"$(inherited)",
				);
				GCC_WARN_64_TO_32_BIT_CONVERSION = YES;
				GCC_WARN_ABOUT_RETURN_TYPE = YES_ERROR;
				GCC_WARN_UNDECLARED_SELECTOR = YES;
				GCC_WARN_UNINITIALIZED_AUTOS = YES_AGGRESSIVE;
				GCC_WARN_UNUSED_FUNCTION = YES;
				GCC_WARN_UNUSED_VARIABLE = YES;
				IPHONEOS_DEPLOYMENT_TARGET = 13.1;
				MTL_ENABLE_DEBUG_INFO = YES;
				ONLY_ACTIVE_ARCH = YES;
				SDKROOT = iphoneos;
				SWIFT_ACTIVE_COMPILATION_CONDITIONS = DEBUG;
				SWIFT_OPTIMIZATION_LEVEL = "-Onone";
			};
			name = Debug;
		};
		6B47F0C41E573595001657F1 /* Release */ = {
			isa = XCBuildConfiguration;
			buildSettings = {
				ALWAYS_SEARCH_USER_PATHS = NO;
				CLANG_ANALYZER_NONNULL = YES;
				CLANG_CXX_LANGUAGE_STANDARD = "gnu++0x";
				CLANG_CXX_LIBRARY = "libc++";
				CLANG_ENABLE_MODULES = YES;
				CLANG_ENABLE_OBJC_ARC = YES;
				CLANG_WARN_BOOL_CONVERSION = YES;
				CLANG_WARN_CONSTANT_CONVERSION = YES;
				CLANG_WARN_DIRECT_OBJC_ISA_USAGE = YES_ERROR;
				CLANG_WARN_DOCUMENTATION_COMMENTS = YES;
				CLANG_WARN_EMPTY_BODY = YES;
				CLANG_WARN_ENUM_CONVERSION = YES;
				CLANG_WARN_INFINITE_RECURSION = YES;
				CLANG_WARN_INT_CONVERSION = YES;
				CLANG_WARN_OBJC_ROOT_CLASS = YES_ERROR;
				CLANG_WARN_SUSPICIOUS_MOVES = YES;
				CLANG_WARN_UNREACHABLE_CODE = YES;
				CLANG_WARN__DUPLICATE_METHOD_MATCH = YES;
				CODE_SIGN_IDENTITY = "Apple Development";
				"CODE_SIGN_IDENTITY[sdk=iphoneos*]" = "Apple Development";
				CODE_SIGN_INJECT_BASE_ENTITLEMENTS = YES;
				COPY_PHASE_STRIP = NO;
				DEBUG_INFORMATION_FORMAT = "dwarf-with-dsym";
				ENABLE_NS_ASSERTIONS = NO;
				ENABLE_STRICT_OBJC_MSGSEND = YES;
				GCC_C_LANGUAGE_STANDARD = gnu99;
				GCC_NO_COMMON_BLOCKS = YES;
				GCC_WARN_64_TO_32_BIT_CONVERSION = YES;
				GCC_WARN_ABOUT_RETURN_TYPE = YES_ERROR;
				GCC_WARN_UNDECLARED_SELECTOR = YES;
				GCC_WARN_UNINITIALIZED_AUTOS = YES_AGGRESSIVE;
				GCC_WARN_UNUSED_FUNCTION = YES;
				GCC_WARN_UNUSED_VARIABLE = YES;
				IPHONEOS_DEPLOYMENT_TARGET = 13.1;
				MTL_ENABLE_DEBUG_INFO = NO;
				SDKROOT = iphoneos;
				SWIFT_OPTIMIZATION_LEVEL = "-Owholemodule";
				VALIDATE_PRODUCT = YES;
			};
			name = Release;
		};
		6B47F0C61E573595001657F1 /* Debug */ = {
			isa = XCBuildConfiguration;
			buildSettings = {
				ASSETCATALOG_COMPILER_APPICON_NAME = AppIcon;
				INFOPLIST_FILE = BuilderPattern/Info.plist;
				LD_RUNPATH_SEARCH_PATHS = "$(inherited) @executable_path/Frameworks";
				PRODUCT_BUNDLE_IDENTIFIER = JLS.BuilderPattern;
				PRODUCT_NAME = "$(TARGET_NAME)";
				SWIFT_VERSION = 5.0;
			};
			name = Debug;
		};
		6B47F0C71E573595001657F1 /* Release */ = {
			isa = XCBuildConfiguration;
			buildSettings = {
				ASSETCATALOG_COMPILER_APPICON_NAME = AppIcon;
				INFOPLIST_FILE = BuilderPattern/Info.plist;
				LD_RUNPATH_SEARCH_PATHS = "$(inherited) @executable_path/Frameworks";
				PRODUCT_BUNDLE_IDENTIFIER = JLS.BuilderPattern;
				PRODUCT_NAME = "$(TARGET_NAME)";
				SWIFT_VERSION = 5.0;
			};
			name = Release;
		};
/* End XCBuildConfiguration section */

/* Begin XCConfigurationList section */
		6B47F0AE1E573595001657F1 /* Build configuration list for PBXProject "BuilderPattern" */ = {
			isa = XCConfigurationList;
			buildConfigurations = (
				6B47F0C31E573595001657F1 /* Debug */,
				6B47F0C41E573595001657F1 /* Release */,
			);
			defaultConfigurationIsVisible = 0;
			defaultConfigurationName = Release;
		};
		6B47F0C51E573595001657F1 /* Build configuration list for PBXNativeTarget "BuilderPattern" */ = {
			isa = XCConfigurationList;
			buildConfigurations = (
				6B47F0C61E573595001657F1 /* Debug */,
				6B47F0C71E573595001657F1 /* Release */,
			);
			defaultConfigurationIsVisible = 0;
			defaultConfigurationName = Release;
		};
/* End XCConfigurationList section */
	};
	rootObject = 6B47F0AB1E573595001657F1 /* Project object */;
}
