// !$*UTF8*$!
{
	archiveVersion = 1;
	classes = {
	};
	objectVersion = 46;
	objects = {

/* Begin PBXBuildFile section */
		6BDF7A4B1EAFB20100B72D97 /* AppDelegate.swift in Sources */ = {isa = PBXBuildFile; fileRef = 6BDF7A4A1EAFB20100B72D97 /* AppDelegate.swift */; };
		6BDF7A4D1EAFB20100B72D97 /* ViewController.swift in Sources */ = {isa = PBXBuildFile; fileRef = 6BDF7A4C1EAFB20100B72D97 /* ViewController.swift */; };
		6BDF7A501EAFB20100B72D97 /* Main.storyboard in Resources */ = {isa = PBXBuildFile; fileRef = 6BDF7A4E1EAFB20100B72D97 /* Main.storyboard */; };
		6BDF7A521EAFB20100B72D97 /* Assets.xcassets in Resources */ = {isa = PBXBuildFile; fileRef = 6BDF7A511EAFB20100B72D97 /* Assets.xcassets */; };
		6BDF7A551EAFB20100B72D97 /* LaunchScreen.storyboard in Resources */ = {isa = PBXBuildFile; fileRef = 6BDF7A531EAFB20100B72D97 /* LaunchScreen.storyboard */; };
/* End PBXBuildFile section */

/* Begin PBXFileReference section */
		6BDF7A471EAFB20100B72D97 /* 斐波拉切.app */ = {isa = PBXFileReference; explicitFileType = wrapper.application; includeInIndex = 0; path = "斐波拉切.app"; sourceTree = BUILT_PRODUCTS_DIR; };
		6BDF7A4A1EAFB20100B72D97 /* AppDelegate.swift */ = {isa = PBXFileReference; lastKnownFileType = sourcecode.swift; path = AppDelegate.swift; sourceTree = "<group>"; };
		6BDF7A4C1EAFB20100B72D97 /* ViewController.swift */ = {isa = PBXFileReference; lastKnownFileType = sourcecode.swift; path = ViewController.swift; sourceTree = "<group>"; };
		6BDF7A4F1EAFB20100B72D97 /* Base */ = {isa = PBXFileReference; lastKnownFileType = file.storyboard; name = Base; path = Base.lproj/Main.storyboard; sourceTree = "<group>"; };
		6BDF7A511EAFB20100B72D97 /* Assets.xcassets */ = {isa = PBXFileReference; lastKnownFileType = folder.assetcatalog; path = Assets.xcassets; sourceTree = "<group>"; };
		6BDF7A541EAFB20100B72D97 /* Base */ = {isa = PBXFileReference; lastKnownFileType = file.storyboard; name = Base; path = Base.lproj/LaunchScreen.storyboard; sourceTree = "<group>"; };
		6BDF7A561EAFB20100B72D97 /* Info.plist */ = {isa = PBXFileReference; lastKnownFileType = text.plist.xml; path = Info.plist; sourceTree = "<group>"; };
/* End PBXFileReference section */

/* Begin PBXFrameworksBuildPhase section */
		6BDF7A441EAFB20100B72D97 /* Frameworks */ = {
			isa = PBXFrameworksBuildPhase;
			buildActionMask = 2147483647;
			files = (
			);
			runOnlyForDeploymentPostprocessing = 0;
		};
/* End PBXFrameworksBuildPhase section */

/* Begin PBXGroup section */
		6BDF7A3E1EAFB20100B72D97 = {
			isa = PBXGroup;
			children = (
				6BDF7A491EAFB20100B72D97 /* 斐波拉切 */,
				6BDF7A481EAFB20100B72D97 /* Products */,
			);
			sourceTree = "<group>";
		};
		6BDF7A481EAFB20100B72D97 /* Products */ = {
			isa = PBXGroup;
			children = (
				6BDF7A471EAFB20100B72D97 /* 斐波拉切.app */,
			);
			name = Products;
			sourceTree = "<group>";
		};
		6BDF7A491EAFB20100B72D97 /* 斐波拉切 */ = {
			isa = PBXGroup;
			children = (
				6BDF7A4A1EAFB20100B72D97 /* AppDelegate.swift */,
				6BDF7A4C1EAFB20100B72D97 /* ViewController.swift */,
				6BDF7A4E1EAFB20100B72D97 /* Main.storyboard */,
				6BDF7A511EAFB20100B72D97 /* Assets.xcassets */,
				6BDF7A531EAFB20100B72D97 /* LaunchScreen.storyboard */,
				6BDF7A561EAFB20100B72D97 /* Info.plist */,
			);
			path = "斐波拉切";
			sourceTree = "<group>";
		};
/* End PBXGroup section */

/* Begin PBXNativeTarget section */
		6BDF7A461EAFB20100B72D97 /* 斐波拉切 */ = {
			isa = PBXNativeTarget;
			buildConfigurationList = 6BDF7A591EAFB20100B72D97 /* Build configuration list for PBXNativeTarget "斐波拉切" */;
			buildPhases = (
				6BDF7A431EAFB20100B72D97 /* Sources */,
				6BDF7A441EAFB20100B72D97 /* Frameworks */,
				6BDF7A451EAFB20100B72D97 /* Resources */,
			);
			buildRules = (
			);
			dependencies = (
			);
			name = "斐波拉切";
			productName = "斐波拉切";
			productReference = 6BDF7A471EAFB20100B72D97 /* 斐波拉切.app */;
			productType = "com.apple.product-type.application";
		};
/* End PBXNativeTarget section */

/* Begin PBXProject section */
		6BDF7A3F1EAFB20100B72D97 /* Project object */ = {
			isa = PBXProject;
			attributes = {
				LastSwiftUpdateCheck = 0820;
				LastUpgradeCheck = 0820;
				ORGANIZATIONNAME = JLS;
				TargetAttributes = {
					6BDF7A461EAFB20100B72D97 = {
						CreatedOnToolsVersion = 8.2.1;
						ProvisioningStyle = Automatic;
					};
				};
			};
			buildConfigurationList = 6BDF7A421EAFB20100B72D97 /* Build configuration list for PBXProject "斐波拉切" */;
			compatibilityVersion = "Xcode 3.2";
			developmentRegion = English;
			hasScannedForEncodings = 0;
			knownRegions = (
				en,
				Base,
			);
			mainGroup = 6BDF7A3E1EAFB20100B72D97;
			productRefGroup = 6BDF7A481EAFB20100B72D97 /* Products */;
			projectDirPath = "";
			projectRoot = "";
			targets = (
				6BDF7A461EAFB20100B72D97 /* 斐波拉切 */,
			);
		};
/* End PBXProject section */

/* Begin PBXResourcesBuildPhase section */
		6BDF7A451EAFB20100B72D97 /* Resources */ = {
			isa = PBXResourcesBuildPhase;
			buildActionMask = 2147483647;
			files = (
				6BDF7A551EAFB20100B72D97 /* LaunchScreen.storyboard in Resources */,
				6BDF7A521EAFB20100B72D97 /* Assets.xcassets in Resources */,
				6BDF7A501EAFB20100B72D97 /* Main.storyboard in Resources */,
			);
			runOnlyForDeploymentPostprocessing = 0;
		};
/* End PBXResourcesBuildPhase section */

/* Begin PBXSourcesBuildPhase section */
		6BDF7A431EAFB20100B72D97 /* Sources */ = {
			isa = PBXSourcesBuildPhase;
			buildActionMask = 2147483647;
			files = (
				6BDF7A4D1EAFB20100B72D97 /* ViewController.swift in Sources */,
				6BDF7A4B1EAFB20100B72D97 /* AppDelegate.swift in Sources */,
			);
			runOnlyForDeploymentPostprocessing = 0;
		};
/* End PBXSourcesBuildPhase section */

/* Begin PBXVariantGroup section */
		6BDF7A4E1EAFB20100B72D97 /* Main.storyboard */ = {
			isa = PBXVariantGroup;
			children = (
				6BDF7A4F1EAFB20100B72D97 /* Base */,
			);
			name = Main.storyboard;
			sourceTree = "<group>";
		};
		6BDF7A531EAFB20100B72D97 /* LaunchScreen.storyboard */ = {
			isa = PBXVariantGroup;
			children = (
				6BDF7A541EAFB20100B72D97 /* Base */,
			);
			name = LaunchScreen.storyboard;
			sourceTree = "<group>";
		};
/* End PBXVariantGroup section */

/* Begin XCBuildConfiguration section */
		6BDF7A571EAFB20100B72D97 /* Debug */ = {
			isa = XCBuildConfiguration;
			buildSettings = {
				ALWAYS_SEARCH_USER_PATHS = NO;
				CLANG_ANALYZER_NONNULL = YES;
				CLANG_CXX_LANGUAGE_STANDARD = "gnu++0x";
				CLANG_CXX_LIBRARY = "libc++";
				CLANG_ENABLE_MODULES = YES;
				CLANG_ENABLE_OBJC_ARC = YES;
				CLANG_WARN_BOOL_CONVERSION = YES;
				CLANG_WARN_CONSTANT_CONVERSION = YES;
				CLANG_WARN_DIRECT_OBJC_ISA_USAGE = YES_ERROR;
				CLANG_WARN_DOCUMENTATION_COMMENTS = YES;
				CLANG_WARN_EMPTY_BODY = YES;
				CLANG_WARN_ENUM_CONVERSION = YES;
				CLANG_WARN_INFINITE_RECURSION = YES;
				CLANG_WARN_INT_CONVERSION = YES;
				CLANG_WARN_OBJC_ROOT_CLASS = YES_ERROR;
				CLANG_WARN_SUSPICIOUS_MOVE = YES;
				CLANG_WARN_UNREACHABLE_CODE = YES;
				CLANG_WARN__DUPLICATE_METHOD_MATCH = YES;
				"CODE_SIGN_IDENTITY[sdk=iphoneos*]" = "iPhone Developer";
				COPY_PHASE_STRIP = NO;
				DEBUG_INFORMATION_FORMAT = dwarf;
				ENABLE_STRICT_OBJC_MSGSEND = YES;
				ENABLE_TESTABILITY = YES;
				GCC_C_LANGUAGE_STANDARD = gnu99;
				GCC_DYNAMIC_NO_PIC = NO;
				GCC_NO_COMMON_BLOCKS = YES;
				GCC_OPTIMIZATION_LEVEL = 0;
				GCC_PREPROCESSOR_DEFINITIONS = (
					"DEBUG=1",
					"$(inherited)",
				);
				GCC_WARN_64_TO_32_BIT_CONVERSION = YES;
				GCC_WARN_ABOUT_RETURN_TYPE = YES_ERROR;
				GCC_WARN_UNDECLARED_SELECTOR = YES;
				GCC_WARN_UNINITIALIZED_AUTOS = YES_AGGRESSIVE;
				GCC_WARN_UNUSED_FUNCTION = YES;
				GCC_WARN_UNUSED_VARIABLE = YES;
				IPHONEOS_DEPLOYMENT_TARGET = 10.2;
				MTL_ENABLE_DEBUG_INFO = YES;
				ONLY_ACTIVE_ARCH = YES;
				SDKROOT = iphoneos;
				SWIFT_ACTIVE_COMPILATION_CONDITIONS = DEBUG;
				SWIFT_OPTIMIZATION_LEVEL = "-Onone";
			};
			name = Debug;
		};
		6BDF7A581EAFB20100B72D97 /* Release */ = {
			isa = XCBuildConfiguration;
			buildSettings = {
				ALWAYS_SEARCH_USER_PATHS = NO;
				CLANG_ANALYZER_NONNULL = YES;
				CLANG_CXX_LANGUAGE_STANDARD = "gnu++0x";
				CLANG_CXX_LIBRARY = "libc++";
				CLANG_ENABLE_MODULES = YES;
				CLANG_ENABLE_OBJC_ARC = YES;
				CLANG_WARN_BOOL_CONVERSION = YES;
				CLANG_WARN_CONSTANT_CONVERSION = YES;
				CLANG_WARN_DIRECT_OBJC_ISA_USAGE = YES_ERROR;
				CLANG_WARN_DOCUMENTATION_COMMENTS = YES;
				CLANG_WARN_EMPTY_BODY = YES;
				CLANG_WARN_ENUM_CONVERSION = YES;
				CLANG_WARN_INFINITE_RECURSION = YES;
				CLANG_WARN_INT_CONVERSION = YES;
				CLANG_WARN_OBJC_ROOT_CLASS = YES_ERROR;
				CLANG_WARN_SUSPICIOUS_MOVE = YES;
				CLANG_WARN_UNREACHABLE_CODE = YES;
				CLANG_WARN__DUPLICATE_METHOD_MATCH = YES;
				"CODE_SIGN_IDENTITY[sdk=iphoneos*]" = "iPhone Developer";
				COPY_PHASE_STRIP = NO;
				DEBUG_INFORMATION_FORMAT = "dwarf-with-dsym";
				ENABLE_NS_ASSERTIONS = NO;
				ENABLE_STRICT_OBJC_MSGSEND = YES;
				GCC_C_LANGUAGE_STANDARD = gnu99;
				GCC_NO_COMMON_BLOCKS = YES;
				GCC_WARN_64_TO_32_BIT_CONVERSION = YES;
				GCC_WARN_ABOUT_RETURN_TYPE = YES_ERROR;
				GCC_WARN_UNDECLARED_SELECTOR = YES;
				GCC_WARN_UNINITIALIZED_AUTOS = YES_AGGRESSIVE;
				GCC_WARN_UNUSED_FUNCTION = YES;
				GCC_WARN_UNUSED_VARIABLE = YES;
				IPHONEOS_DEPLOYMENT_TARGET = 10.2;
				MTL_ENABLE_DEBUG_INFO = NO;
				SDKROOT = iphoneos;
				SWIFT_OPTIMIZATION_LEVEL = "-Owholemodule";
				VALIDATE_PRODUCT = YES;
			};
			name = Release;
		};
		6BDF7A5A1EAFB20100B72D97 /* Debug */ = {
			isa = XCBuildConfiguration;
			buildSettings = {
				ASSETCATALOG_COMPILER_APPICON_NAME = AppIcon;
				INFOPLIST_FILE = "斐波拉切/Info.plist";
				LD_RUNPATH_SEARCH_PATHS = "$(inherited) @executable_path/Frameworks";
				PRODUCT_BUNDLE_IDENTIFIER = "JLS.----";
				PRODUCT_NAME = "$(TARGET_NAME)";
				SWIFT_VERSION = 3.0;
			};
			name = Debug;
		};
		6BDF7A5B1EAFB20100B72D97 /* Release */ = {
			isa = XCBuildConfiguration;
			buildSettings = {
				ASSETCATALOG_COMPILER_APPICON_NAME = AppIcon;
				INFOPLIST_FILE = "斐波拉切/Info.plist";
				LD_RUNPATH_SEARCH_PATHS = "$(inherited) @executable_path/Frameworks";
				PRODUCT_BUNDLE_IDENTIFIER = "JLS.----";
				PRODUCT_NAME = "$(TARGET_NAME)";
				SWIFT_VERSION = 3.0;
			};
			name = Release;
		};
/* End XCBuildConfiguration section */

/* Begin XCConfigurationList section */
		6BDF7A421EAFB20100B72D97 /* Build configuration list for PBXProject "斐波拉切" */ = {
			isa = XCConfigurationList;
			buildConfigurations = (
				6BDF7A571EAFB20100B72D97 /* Debug */,
				6BDF7A581EAFB20100B72D97 /* Release */,
			);
			defaultConfigurationIsVisible = 0;
			defaultConfigurationName = Release;
		};
		6BDF7A591EAFB20100B72D97 /* Build configuration list for PBXNativeTarget "斐波拉切" */ = {
			isa = XCConfigurationList;
			buildConfigurations = (
				6BDF7A5A1EAFB20100B72D97 /* Debug */,
				6BDF7A5B1EAFB20100B72D97 /* Release */,
			);
			defaultConfigurationIsVisible = 0;
		};
/* End XCConfigurationList section */
	};
	rootObject = 6BDF7A3F1EAFB20100B72D97 /* Project object */;
}
