// !$*UTF8*$!
{
	archiveVersion = 1;
	classes = {
	};
	objectVersion = 46;
	objects = {

/* Begin PBXBuildFile section */
		204D21311E35AA300085A68E /* main.m in Sources */ = {isa = PBXBuildFile; fileRef = 204D21301E35AA300085A68E /* main.m */; };
		204D21341E35AA300085A68E /* AppDelegate.m in Sources */ = {isa = PBXBuildFile; fileRef = 204D21331E35AA300085A68E /* AppDelegate.m */; };
		204D213A1E35AA300085A68E /* Main.storyboard in Resources */ = {isa = PBXBuildFile; fileRef = 204D21381E35AA300085A68E /* Main.storyboard */; };
		204D213C1E35AA300085A68E /* Assets.xcassets in Resources */ = {isa = PBXBuildFile; fileRef = 204D213B1E35AA300085A68E /* Assets.xcassets */; };
		204D213F1E35AA300085A68E /* LaunchScreen.storyboard in Resources */ = {isa = PBXBuildFile; fileRef = 204D213D1E35AA300085A68E /* LaunchScreen.storyboard */; };
		204D21471E35AA540085A68E /* WEB in Resources */ = {isa = PBXBuildFile; fileRef = 204D21461E35AA540085A68E /* WEB */; };
		204D214A1E35AB3E0085A68E /* LoginViewController.m in Sources */ = {isa = PBXBuildFile; fileRef = 204D21491E35AB3E0085A68E /* LoginViewController.m */; };
/* End PBXBuildFile section */

/* Begin PBXFileReference section */
		204D212C1E35AA300085A68E /* HTML5.app */ = {isa = PBXFileReference; explicitFileType = wrapper.application; includeInIndex = 0; path = HTML5.app; sourceTree = BUILT_PRODUCTS_DIR; };
		204D21301E35AA300085A68E /* main.m */ = {isa = PBXFileReference; lastKnownFileType = sourcecode.c.objc; path = main.m; sourceTree = "<group>"; };
		204D21321E35AA300085A68E /* AppDelegate.h */ = {isa = PBXFileReference; lastKnownFileType = sourcecode.c.h; path = AppDelegate.h; sourceTree = "<group>"; };
		204D21331E35AA300085A68E /* AppDelegate.m */ = {isa = PBXFileReference; lastKnownFileType = sourcecode.c.objc; path = AppDelegate.m; sourceTree = "<group>"; };
		204D21391E35AA300085A68E /* Base */ = {isa = PBXFileReference; lastKnownFileType = file.storyboard; name = Base; path = Base.lproj/Main.storyboard; sourceTree = "<group>"; };
		204D213B1E35AA300085A68E /* Assets.xcassets */ = {isa = PBXFileReference; lastKnownFileType = folder.assetcatalog; path = Assets.xcassets; sourceTree = "<group>"; };
		204D213E1E35AA300085A68E /* Base */ = {isa = PBXFileReference; lastKnownFileType = file.storyboard; name = Base; path = Base.lproj/LaunchScreen.storyboard; sourceTree = "<group>"; };
		204D21401E35AA300085A68E /* Info.plist */ = {isa = PBXFileReference; lastKnownFileType = text.plist.xml; path = Info.plist; sourceTree = "<group>"; };
		204D21461E35AA540085A68E /* WEB */ = {isa = PBXFileReference; lastKnownFileType = folder; path = WEB; sourceTree = "<group>"; };
		204D21481E35AB3E0085A68E /* LoginViewController.h */ = {isa = PBXFileReference; fileEncoding = 4; lastKnownFileType = sourcecode.c.h; path = LoginViewController.h; sourceTree = "<group>"; };
		204D21491E35AB3E0085A68E /* LoginViewController.m */ = {isa = PBXFileReference; fileEncoding = 4; lastKnownFileType = sourcecode.c.objc; path = LoginViewController.m; sourceTree = "<group>"; };
/* End PBXFileReference section */

/* Begin PBXFrameworksBuildPhase section */
		204D21291E35AA300085A68E /* Frameworks */ = {
			isa = PBXFrameworksBuildPhase;
			buildActionMask = 2147483647;
			files = (
			);
			runOnlyForDeploymentPostprocessing = 0;
		};
/* End PBXFrameworksBuildPhase section */

/* Begin PBXGroup section */
		204D21231E35AA300085A68E = {
			isa = PBXGroup;
			children = (
				204D212E1E35AA300085A68E /* HTML5 */,
				204D212D1E35AA300085A68E /* Products */,
			);
			sourceTree = "<group>";
		};
		204D212D1E35AA300085A68E /* Products */ = {
			isa = PBXGroup;
			children = (
				204D212C1E35AA300085A68E /* HTML5.app */,
			);
			name = Products;
			sourceTree = "<group>";
		};
		204D212E1E35AA300085A68E /* HTML5 */ = {
			isa = PBXGroup;
			children = (
				204D21461E35AA540085A68E /* WEB */,
				204D21321E35AA300085A68E /* AppDelegate.h */,
				204D21331E35AA300085A68E /* AppDelegate.m */,
				204D21481E35AB3E0085A68E /* LoginViewController.h */,
				204D21491E35AB3E0085A68E /* LoginViewController.m */,
				204D21381E35AA300085A68E /* Main.storyboard */,
				204D213B1E35AA300085A68E /* Assets.xcassets */,
				204D213D1E35AA300085A68E /* LaunchScreen.storyboard */,
				204D21401E35AA300085A68E /* Info.plist */,
				204D212F1E35AA300085A68E /* Supporting Files */,
			);
			path = HTML5;
			sourceTree = "<group>";
		};
		204D212F1E35AA300085A68E /* Supporting Files */ = {
			isa = PBXGroup;
			children = (
				204D21301E35AA300085A68E /* main.m */,
			);
			name = "Supporting Files";
			sourceTree = "<group>";
		};
/* End PBXGroup section */

/* Begin PBXNativeTarget section */
		204D212B1E35AA300085A68E /* HTML5 */ = {
			isa = PBXNativeTarget;
			buildConfigurationList = 204D21431E35AA300085A68E /* Build configuration list for PBXNativeTarget "HTML5" */;
			buildPhases = (
				204D21281E35AA300085A68E /* Sources */,
				204D21291E35AA300085A68E /* Frameworks */,
				204D212A1E35AA300085A68E /* Resources */,
			);
			buildRules = (
			);
			dependencies = (
			);
			name = HTML5;
			productName = HTML5;
			productReference = 204D212C1E35AA300085A68E /* HTML5.app */;
			productType = "com.apple.product-type.application";
		};
/* End PBXNativeTarget section */

/* Begin PBXProject section */
		204D21241E35AA300085A68E /* Project object */ = {
			isa = PBXProject;
			attributes = {
				LastUpgradeCheck = 0820;
				ORGANIZATIONNAME = JLS;
				TargetAttributes = {
					204D212B1E35AA300085A68E = {
						CreatedOnToolsVersion = 8.2.1;
						DevelopmentTeam = CZV446DQTU;
						ProvisioningStyle = Automatic;
					};
				};
			};
			buildConfigurationList = 204D21271E35AA300085A68E /* Build configuration list for PBXProject "HTML5" */;
			compatibilityVersion = "Xcode 3.2";
			developmentRegion = English;
			hasScannedForEncodings = 0;
			knownRegions = (
				en,
				Base,
			);
			mainGroup = 204D21231E35AA300085A68E;
			productRefGroup = 204D212D1E35AA300085A68E /* Products */;
			projectDirPath = "";
			projectRoot = "";
			targets = (
				204D212B1E35AA300085A68E /* HTML5 */,
			);
		};
/* End PBXProject section */

/* Begin PBXResourcesBuildPhase section */
		204D212A1E35AA300085A68E /* Resources */ = {
			isa = PBXResourcesBuildPhase;
			buildActionMask = 2147483647;
			files = (
				204D213F1E35AA300085A68E /* LaunchScreen.storyboard in Resources */,
				204D21471E35AA540085A68E /* WEB in Resources */,
				204D213C1E35AA300085A68E /* Assets.xcassets in Resources */,
				204D213A1E35AA300085A68E /* Main.storyboard in Resources */,
			);
			runOnlyForDeploymentPostprocessing = 0;
		};
/* End PBXResourcesBuildPhase section */

/* Begin PBXSourcesBuildPhase section */
		204D21281E35AA300085A68E /* Sources */ = {
			isa = PBXSourcesBuildPhase;
			buildActionMask = 2147483647;
			files = (
				204D214A1E35AB3E0085A68E /* LoginViewController.m in Sources */,
				204D21341E35AA300085A68E /* AppDelegate.m in Sources */,
				204D21311E35AA300085A68E /* main.m in Sources */,
			);
			runOnlyForDeploymentPostprocessing = 0;
		};
/* End PBXSourcesBuildPhase section */

/* Begin PBXVariantGroup section */
		204D21381E35AA300085A68E /* Main.storyboard */ = {
			isa = PBXVariantGroup;
			children = (
				204D21391E35AA300085A68E /* Base */,
			);
			name = Main.storyboard;
			sourceTree = "<group>";
		};
		204D213D1E35AA300085A68E /* LaunchScreen.storyboard */ = {
			isa = PBXVariantGroup;
			children = (
				204D213E1E35AA300085A68E /* Base */,
			);
			name = LaunchScreen.storyboard;
			sourceTree = "<group>";
		};
/* End PBXVariantGroup section */

/* Begin XCBuildConfiguration section */
		204D21411E35AA300085A68E /* Debug */ = {
			isa = XCBuildConfiguration;
			buildSettings = {
				ALWAYS_SEARCH_USER_PATHS = NO;
				CLANG_ANALYZER_NONNULL = YES;
				CLANG_CXX_LANGUAGE_STANDARD = "gnu++0x";
				CLANG_CXX_LIBRARY = "libc++";
				CLANG_ENABLE_MODULES = YES;
				CLANG_ENABLE_OBJC_ARC = YES;
				CLANG_WARN_BOOL_CONVERSION = YES;
				CLANG_WARN_CONSTANT_CONVERSION = YES;
				CLANG_WARN_DIRECT_OBJC_ISA_USAGE = YES_ERROR;
				CLANG_WARN_DOCUMENTATION_COMMENTS = YES;
				CLANG_WARN_EMPTY_BODY = YES;
				CLANG_WARN_ENUM_CONVERSION = YES;
				CLANG_WARN_INFINITE_RECURSION = YES;
				CLANG_WARN_INT_CONVERSION = YES;
				CLANG_WARN_OBJC_ROOT_CLASS = YES_ERROR;
				CLANG_WARN_SUSPICIOUS_MOVE = YES;
				CLANG_WARN_UNREACHABLE_CODE = YES;
				CLANG_WARN__DUPLICATE_METHOD_MATCH = YES;
				"CODE_SIGN_IDENTITY[sdk=iphoneos*]" = "iPhone Developer";
				COPY_PHASE_STRIP = NO;
				DEBUG_INFORMATION_FORMAT = dwarf;
				ENABLE_STRICT_OBJC_MSGSEND = YES;
				ENABLE_TESTABILITY = YES;
				GCC_C_LANGUAGE_STANDARD = gnu99;
				GCC_DYNAMIC_NO_PIC = NO;
				GCC_NO_COMMON_BLOCKS = YES;
				GCC_OPTIMIZATION_LEVEL = 0;
				GCC_PREPROCESSOR_DEFINITIONS = (
					"DEBUG=1",
					"$(inherited)",
				);
				GCC_WARN_64_TO_32_BIT_CONVERSION = YES;
				GCC_WARN_ABOUT_RETURN_TYPE = YES_ERROR;
				GCC_WARN_UNDECLARED_SELECTOR = YES;
				GCC_WARN_UNINITIALIZED_AUTOS = YES_AGGRESSIVE;
				GCC_WARN_UNUSED_FUNCTION = YES;
				GCC_WARN_UNUSED_VARIABLE = YES;
				IPHONEOS_DEPLOYMENT_TARGET = 10.2;
				MTL_ENABLE_DEBUG_INFO = YES;
				ONLY_ACTIVE_ARCH = YES;
				SDKROOT = iphoneos;
				TARGETED_DEVICE_FAMILY = "1,2";
			};
			name = Debug;
		};
		204D21421E35AA300085A68E /* Release */ = {
			isa = XCBuildConfiguration;
			buildSettings = {
				ALWAYS_SEARCH_USER_PATHS = NO;
				CLANG_ANALYZER_NONNULL = YES;
				CLANG_CXX_LANGUAGE_STANDARD = "gnu++0x";
				CLANG_CXX_LIBRARY = "libc++";
				CLANG_ENABLE_MODULES = YES;
				CLANG_ENABLE_OBJC_ARC = YES;
				CLANG_WARN_BOOL_CONVERSION = YES;
				CLANG_WARN_CONSTANT_CONVERSION = YES;
				CLANG_WARN_DIRECT_OBJC_ISA_USAGE = YES_ERROR;
				CLANG_WARN_DOCUMENTATION_COMMENTS = YES;
				CLANG_WARN_EMPTY_BODY = YES;
				CLANG_WARN_ENUM_CONVERSION = YES;
				CLANG_WARN_INFINITE_RECURSION = YES;
				CLANG_WARN_INT_CONVERSION = YES;
				CLANG_WARN_OBJC_ROOT_CLASS = YES_ERROR;
				CLANG_WARN_SUSPICIOUS_MOVE = YES;
				CLANG_WARN_UNREACHABLE_CODE = YES;
				CLANG_WARN__DUPLICATE_METHOD_MATCH = YES;
				"CODE_SIGN_IDENTITY[sdk=iphoneos*]" = "iPhone Developer";
				COPY_PHASE_STRIP = NO;
				DEBUG_INFORMATION_FORMAT = "dwarf-with-dsym";
				ENABLE_NS_ASSERTIONS = NO;
				ENABLE_STRICT_OBJC_MSGSEND = YES;
				GCC_C_LANGUAGE_STANDARD = gnu99;
				GCC_NO_COMMON_BLOCKS = YES;
				GCC_WARN_64_TO_32_BIT_CONVERSION = YES;
				GCC_WARN_ABOUT_RETURN_TYPE = YES_ERROR;
				GCC_WARN_UNDECLARED_SELECTOR = YES;
				GCC_WARN_UNINITIALIZED_AUTOS = YES_AGGRESSIVE;
				GCC_WARN_UNUSED_FUNCTION = YES;
				GCC_WARN_UNUSED_VARIABLE = YES;
				IPHONEOS_DEPLOYMENT_TARGET = 10.2;
				MTL_ENABLE_DEBUG_INFO = NO;
				SDKROOT = iphoneos;
				TARGETED_DEVICE_FAMILY = "1,2";
				VALIDATE_PRODUCT = YES;
			};
			name = Release;
		};
		204D21441E35AA300085A68E /* Debug */ = {
			isa = XCBuildConfiguration;
			buildSettings = {
				ASSETCATALOG_COMPILER_APPICON_NAME = AppIcon;
				DEVELOPMENT_TEAM = CZV446DQTU;
				INFOPLIST_FILE = HTML5/Info.plist;
				LD_RUNPATH_SEARCH_PATHS = "$(inherited) @executable_path/Frameworks";
				PRODUCT_BUNDLE_IDENTIFIER = Poly.HTML5;
				PRODUCT_NAME = "$(TARGET_NAME)";
			};
			name = Debug;
		};
		204D21451E35AA300085A68E /* Release */ = {
			isa = XCBuildConfiguration;
			buildSettings = {
				ASSETCATALOG_COMPILER_APPICON_NAME = AppIcon;
				DEVELOPMENT_TEAM = CZV446DQTU;
				INFOPLIST_FILE = HTML5/Info.plist;
				LD_RUNPATH_SEARCH_PATHS = "$(inherited) @executable_path/Frameworks";
				PRODUCT_BUNDLE_IDENTIFIER = Poly.HTML5;
				PRODUCT_NAME = "$(TARGET_NAME)";
			};
			name = Release;
		};
/* End XCBuildConfiguration section */

/* Begin XCConfigurationList section */
		204D21271E35AA300085A68E /* Build configuration list for PBXProject "HTML5" */ = {
			isa = XCConfigurationList;
			buildConfigurations = (
				204D21411E35AA300085A68E /* Debug */,
				204D21421E35AA300085A68E /* Release */,
			);
			defaultConfigurationIsVisible = 0;
			defaultConfigurationName = Release;
		};
		204D21431E35AA300085A68E /* Build configuration list for PBXNativeTarget "HTML5" */ = {
			isa = XCConfigurationList;
			buildConfigurations = (
				204D21441E35AA300085A68E /* Debug */,
				204D21451E35AA300085A68E /* Release */,
			);
			defaultConfigurationIsVisible = 0;
		};
/* End XCConfigurationList section */
	};
	rootObject = 204D21241E35AA300085A68E /* Project object */;
}
