// !$*UTF8*$!
{
	archiveVersion = 1;
	classes = {
	};
	objectVersion = 46;
	objects = {

/* Begin PBXBuildFile section */
		6B259EAF1EEEB5C900468385 /* main.m in Sources */ = {isa = PBXBuildFile; fileRef = 6B259EAE1EEEB5C900468385 /* main.m */; };
		6B8D5CF91F6ACC0B00FC2D38 /* Women.m in Sources */ = {isa = PBXBuildFile; fileRef = 6B8D5CF81F6ACC0B00FC2D38 /* Women.m */; };
		6B8D5CFC1F6ACC6B00FC2D38 /* Women+Ext.m in Sources */ = {isa = PBXBuildFile; fileRef = 6B8D5CFB1F6ACC6B00FC2D38 /* Women+Ext.m */; };
		6B8D5CFF1F6ACC9700FC2D38 /* Person.m in Sources */ = {isa = PBXBuildFile; fileRef = 6B8D5CFE1F6ACC9700FC2D38 /* Person.m */; };
		6B8D5D021F6ACCC000FC2D38 /* Student.m in Sources */ = {isa = PBXBuildFile; fileRef = 6B8D5D011F6ACCC000FC2D38 /* Student.m */; };
/* End PBXBuildFile section */

/* Begin PBXCopyFilesBuildPhase section */
		6B259EA91EEEB5C900468385 /* CopyFiles */ = {
			isa = PBXCopyFilesBuildPhase;
			buildActionMask = 2147483647;
			dstPath = /usr/share/man/man1/;
			dstSubfolderSpec = 0;
			files = (
			);
			runOnlyForDeploymentPostprocessing = 1;
		};
/* End PBXCopyFilesBuildPhase section */

/* Begin PBXFileReference section */
		6B259EAB1EEEB5C900468385 /* 交换方法的实现 */ = {isa = PBXFileReference; explicitFileType = "compiled.mach-o.executable"; includeInIndex = 0; path = "交换方法的实现"; sourceTree = BUILT_PRODUCTS_DIR; };
		6B259EAE1EEEB5C900468385 /* main.m */ = {isa = PBXFileReference; lastKnownFileType = sourcecode.c.objc; path = main.m; sourceTree = "<group>"; };
		6B8D5CF71F6ACC0B00FC2D38 /* Women.h */ = {isa = PBXFileReference; fileEncoding = 4; lastKnownFileType = sourcecode.c.h; path = Women.h; sourceTree = "<group>"; };
		6B8D5CF81F6ACC0B00FC2D38 /* Women.m */ = {isa = PBXFileReference; fileEncoding = 4; lastKnownFileType = sourcecode.c.objc; path = Women.m; sourceTree = "<group>"; };
		6B8D5CFA1F6ACC6B00FC2D38 /* Women+Ext.h */ = {isa = PBXFileReference; fileEncoding = 4; lastKnownFileType = sourcecode.c.h; path = "Women+Ext.h"; sourceTree = "<group>"; };
		6B8D5CFB1F6ACC6B00FC2D38 /* Women+Ext.m */ = {isa = PBXFileReference; fileEncoding = 4; lastKnownFileType = sourcecode.c.objc; path = "Women+Ext.m"; sourceTree = "<group>"; };
		6B8D5CFD1F6ACC9700FC2D38 /* Person.h */ = {isa = PBXFileReference; fileEncoding = 4; lastKnownFileType = sourcecode.c.h; path = Person.h; sourceTree = "<group>"; };
		6B8D5CFE1F6ACC9700FC2D38 /* Person.m */ = {isa = PBXFileReference; fileEncoding = 4; lastKnownFileType = sourcecode.c.objc; path = Person.m; sourceTree = "<group>"; };
		6B8D5D001F6ACCC000FC2D38 /* Student.h */ = {isa = PBXFileReference; fileEncoding = 4; lastKnownFileType = sourcecode.c.h; path = Student.h; sourceTree = "<group>"; };
		6B8D5D011F6ACCC000FC2D38 /* Student.m */ = {isa = PBXFileReference; fileEncoding = 4; lastKnownFileType = sourcecode.c.objc; path = Student.m; sourceTree = "<group>"; };
/* End PBXFileReference section */

/* Begin PBXFrameworksBuildPhase section */
		6B259EA81EEEB5C900468385 /* Frameworks */ = {
			isa = PBXFrameworksBuildPhase;
			buildActionMask = 2147483647;
			files = (
			);
			runOnlyForDeploymentPostprocessing = 0;
		};
/* End PBXFrameworksBuildPhase section */

/* Begin PBXGroup section */
		6B259EA21EEEB5C900468385 = {
			isa = PBXGroup;
			children = (
				6B259EAD1EEEB5C900468385 /* 交换方法的实现 */,
				6B259EAC1EEEB5C900468385 /* Products */,
			);
			sourceTree = "<group>";
		};
		6B259EAC1EEEB5C900468385 /* Products */ = {
			isa = PBXGroup;
			children = (
				6B259EAB1EEEB5C900468385 /* 交换方法的实现 */,
			);
			name = Products;
			sourceTree = "<group>";
		};
		6B259EAD1EEEB5C900468385 /* 交换方法的实现 */ = {
			isa = PBXGroup;
			children = (
				6B259EAE1EEEB5C900468385 /* main.m */,
				6B8D5CF71F6ACC0B00FC2D38 /* Women.h */,
				6B8D5CF81F6ACC0B00FC2D38 /* Women.m */,
				6B8D5CFA1F6ACC6B00FC2D38 /* Women+Ext.h */,
				6B8D5CFB1F6ACC6B00FC2D38 /* Women+Ext.m */,
				6B8D5CFD1F6ACC9700FC2D38 /* Person.h */,
				6B8D5CFE1F6ACC9700FC2D38 /* Person.m */,
				6B8D5D001F6ACCC000FC2D38 /* Student.h */,
				6B8D5D011F6ACCC000FC2D38 /* Student.m */,
			);
			path = "交换方法的实现";
			sourceTree = "<group>";
		};
/* End PBXGroup section */

/* Begin PBXNativeTarget section */
		6B259EAA1EEEB5C900468385 /* 交换方法的实现 */ = {
			isa = PBXNativeTarget;
			buildConfigurationList = 6B259EB21EEEB5C900468385 /* Build configuration list for PBXNativeTarget "交换方法的实现" */;
			buildPhases = (
				6B259EA71EEEB5C900468385 /* Sources */,
				6B259EA81EEEB5C900468385 /* Frameworks */,
				6B259EA91EEEB5C900468385 /* CopyFiles */,
			);
			buildRules = (
			);
			dependencies = (
			);
			name = "交换方法的实现";
			productName = "交换方法的实现";
			productReference = 6B259EAB1EEEB5C900468385 /* 交换方法的实现 */;
			productType = "com.apple.product-type.tool";
		};
/* End PBXNativeTarget section */

/* Begin PBXProject section */
		6B259EA31EEEB5C900468385 /* Project object */ = {
			isa = PBXProject;
			attributes = {
				LastUpgradeCheck = 0830;
				ORGANIZATIONNAME = JLS;
				TargetAttributes = {
					6B259EAA1EEEB5C900468385 = {
						CreatedOnToolsVersion = 8.3.2;
						ProvisioningStyle = Automatic;
					};
				};
			};
			buildConfigurationList = 6B259EA61EEEB5C900468385 /* Build configuration list for PBXProject "交换方法的实现" */;
			compatibilityVersion = "Xcode 3.2";
			developmentRegion = English;
			hasScannedForEncodings = 0;
			knownRegions = (
				en,
			);
			mainGroup = 6B259EA21EEEB5C900468385;
			productRefGroup = 6B259EAC1EEEB5C900468385 /* Products */;
			projectDirPath = "";
			projectRoot = "";
			targets = (
				6B259EAA1EEEB5C900468385 /* 交换方法的实现 */,
			);
		};
/* End PBXProject section */

/* Begin PBXSourcesBuildPhase section */
		6B259EA71EEEB5C900468385 /* Sources */ = {
			isa = PBXSourcesBuildPhase;
			buildActionMask = 2147483647;
			files = (
				6B8D5CF91F6ACC0B00FC2D38 /* Women.m in Sources */,
				6B259EAF1EEEB5C900468385 /* main.m in Sources */,
				6B8D5D021F6ACCC000FC2D38 /* Student.m in Sources */,
				6B8D5CFF1F6ACC9700FC2D38 /* Person.m in Sources */,
				6B8D5CFC1F6ACC6B00FC2D38 /* Women+Ext.m in Sources */,
			);
			runOnlyForDeploymentPostprocessing = 0;
		};
/* End PBXSourcesBuildPhase section */

/* Begin XCBuildConfiguration section */
		6B259EB01EEEB5C900468385 /* Debug */ = {
			isa = XCBuildConfiguration;
			buildSettings = {
				ALWAYS_SEARCH_USER_PATHS = NO;
				CLANG_ANALYZER_NONNULL = YES;
				CLANG_ANALYZER_NUMBER_OBJECT_CONVERSION = YES_AGGRESSIVE;
				CLANG_CXX_LANGUAGE_STANDARD = "gnu++0x";
				CLANG_CXX_LIBRARY = "libc++";
				CLANG_ENABLE_MODULES = YES;
				CLANG_ENABLE_OBJC_ARC = YES;
				CLANG_WARN_BOOL_CONVERSION = YES;
				CLANG_WARN_CONSTANT_CONVERSION = YES;
				CLANG_WARN_DIRECT_OBJC_ISA_USAGE = YES_ERROR;
				CLANG_WARN_DOCUMENTATION_COMMENTS = YES;
				CLANG_WARN_EMPTY_BODY = YES;
				CLANG_WARN_ENUM_CONVERSION = YES;
				CLANG_WARN_INFINITE_RECURSION = YES;
				CLANG_WARN_INT_CONVERSION = YES;
				CLANG_WARN_OBJC_ROOT_CLASS = YES_ERROR;
				CLANG_WARN_SUSPICIOUS_MOVE = YES;
				CLANG_WARN_UNREACHABLE_CODE = YES;
				CLANG_WARN__DUPLICATE_METHOD_MATCH = YES;
				CODE_SIGN_IDENTITY = "-";
				COPY_PHASE_STRIP = NO;
				DEBUG_INFORMATION_FORMAT = dwarf;
				ENABLE_STRICT_OBJC_MSGSEND = YES;
				ENABLE_TESTABILITY = YES;
				GCC_C_LANGUAGE_STANDARD = gnu99;
				GCC_DYNAMIC_NO_PIC = NO;
				GCC_NO_COMMON_BLOCKS = YES;
				GCC_OPTIMIZATION_LEVEL = 0;
				GCC_PREPROCESSOR_DEFINITIONS = (
					"DEBUG=1",
					"$(inherited)",
				);
				GCC_WARN_64_TO_32_BIT_CONVERSION = YES;
				GCC_WARN_ABOUT_RETURN_TYPE = YES_ERROR;
				GCC_WARN_UNDECLARED_SELECTOR = YES;
				GCC_WARN_UNINITIALIZED_AUTOS = YES_AGGRESSIVE;
				GCC_WARN_UNUSED_FUNCTION = YES;
				GCC_WARN_UNUSED_VARIABLE = YES;
				MACOSX_DEPLOYMENT_TARGET = 10.12;
				MTL_ENABLE_DEBUG_INFO = YES;
				ONLY_ACTIVE_ARCH = YES;
				SDKROOT = macosx;
			};
			name = Debug;
		};
		6B259EB11EEEB5C900468385 /* Release */ = {
			isa = XCBuildConfiguration;
			buildSettings = {
				ALWAYS_SEARCH_USER_PATHS = NO;
				CLANG_ANALYZER_NONNULL = YES;
				CLANG_ANALYZER_NUMBER_OBJECT_CONVERSION = YES_AGGRESSIVE;
				CLANG_CXX_LANGUAGE_STANDARD = "gnu++0x";
				CLANG_CXX_LIBRARY = "libc++";
				CLANG_ENABLE_MODULES = YES;
				CLANG_ENABLE_OBJC_ARC = YES;
				CLANG_WARN_BOOL_CONVERSION = YES;
				CLANG_WARN_CONSTANT_CONVERSION = YES;
				CLANG_WARN_DIRECT_OBJC_ISA_USAGE = YES_ERROR;
				CLANG_WARN_DOCUMENTATION_COMMENTS = YES;
				CLANG_WARN_EMPTY_BODY = YES;
				CLANG_WARN_ENUM_CONVERSION = YES;
				CLANG_WARN_INFINITE_RECURSION = YES;
				CLANG_WARN_INT_CONVERSION = YES;
				CLANG_WARN_OBJC_ROOT_CLASS = YES_ERROR;
				CLANG_WARN_SUSPICIOUS_MOVE = YES;
				CLANG_WARN_UNREACHABLE_CODE = YES;
				CLANG_WARN__DUPLICATE_METHOD_MATCH = YES;
				CODE_SIGN_IDENTITY = "-";
				COPY_PHASE_STRIP = NO;
				DEBUG_INFORMATION_FORMAT = "dwarf-with-dsym";
				ENABLE_NS_ASSERTIONS = NO;
				ENABLE_STRICT_OBJC_MSGSEND = YES;
				GCC_C_LANGUAGE_STANDARD = gnu99;
				GCC_NO_COMMON_BLOCKS = YES;
				GCC_WARN_64_TO_32_BIT_CONVERSION = YES;
				GCC_WARN_ABOUT_RETURN_TYPE = YES_ERROR;
				GCC_WARN_UNDECLARED_SELECTOR = YES;
				GCC_WARN_UNINITIALIZED_AUTOS = YES_AGGRESSIVE;
				GCC_WARN_UNUSED_FUNCTION = YES;
				GCC_WARN_UNUSED_VARIABLE = YES;
				MACOSX_DEPLOYMENT_TARGET = 10.12;
				MTL_ENABLE_DEBUG_INFO = NO;
				SDKROOT = macosx;
			};
			name = Release;
		};
		6B259EB31EEEB5C900468385 /* Debug */ = {
			isa = XCBuildConfiguration;
			buildSettings = {
				PRODUCT_NAME = "$(TARGET_NAME)";
			};
			name = Debug;
		};
		6B259EB41EEEB5C900468385 /* Release */ = {
			isa = XCBuildConfiguration;
			buildSettings = {
				PRODUCT_NAME = "$(TARGET_NAME)";
			};
			name = Release;
		};
/* End XCBuildConfiguration section */

/* Begin XCConfigurationList section */
		6B259EA61EEEB5C900468385 /* Build configuration list for PBXProject "交换方法的实现" */ = {
			isa = XCConfigurationList;
			buildConfigurations = (
				6B259EB01EEEB5C900468385 /* Debug */,
				6B259EB11EEEB5C900468385 /* Release */,
			);
			defaultConfigurationIsVisible = 0;
			defaultConfigurationName = Release;
		};
		6B259EB21EEEB5C900468385 /* Build configuration list for PBXNativeTarget "交换方法的实现" */ = {
			isa = XCConfigurationList;
			buildConfigurations = (
				6B259EB31EEEB5C900468385 /* Debug */,
				6B259EB41EEEB5C900468385 /* Release */,
			);
			defaultConfigurationIsVisible = 0;
			defaultConfigurationName = Release;
		};
/* End XCConfigurationList section */
	};
	rootObject = 6B259EA31EEEB5C900468385 /* Project object */;
}
