// !$*UTF8*$!
{
	archiveVersion = 1;
	classes = {
	};
	objectVersion = 46;
	objects = {

/* Begin PBXBuildFile section */
		6B1432AD1D85926200DE1D60 /* AppDelegate.swift in Sources */ = {isa = PBXBuildFile; fileRef = 6B1432AC1D85926200DE1D60 /* AppDelegate.swift */; };
		6B1432AF1D85926200DE1D60 /* ViewController.swift in Sources */ = {isa = PBXBuildFile; fileRef = 6B1432AE1D85926200DE1D60 /* ViewController.swift */; };
		6B1432B21D85926200DE1D60 /* Main.storyboard in Resources */ = {isa = PBXBuildFile; fileRef = 6B1432B01D85926200DE1D60 /* Main.storyboard */; };
		6B1432B41D85926200DE1D60 /* Assets.xcassets in Resources */ = {isa = PBXBuildFile; fileRef = 6B1432B31D85926200DE1D60 /* Assets.xcassets */; };
		6B1432B71D85926200DE1D60 /* LaunchScreen.storyboard in Resources */ = {isa = PBXBuildFile; fileRef = 6B1432B51D85926200DE1D60 /* LaunchScreen.storyboard */; };
		6B1432BF1D8592BF00DE1D60 /* ViewControllerA.swift in Sources */ = {isa = PBXBuildFile; fileRef = 6B1432BE1D8592BF00DE1D60 /* ViewControllerA.swift */; };
/* End PBXBuildFile section */

/* Begin PBXFileReference section */
		6B1432A91D85926200DE1D60 /* ProtocolDemo.app */ = {isa = PBXFileReference; explicitFileType = wrapper.application; includeInIndex = 0; path = ProtocolDemo.app; sourceTree = BUILT_PRODUCTS_DIR; };
		6B1432AC1D85926200DE1D60 /* AppDelegate.swift */ = {isa = PBXFileReference; lastKnownFileType = sourcecode.swift; path = AppDelegate.swift; sourceTree = "<group>"; };
		6B1432AE1D85926200DE1D60 /* ViewController.swift */ = {isa = PBXFileReference; lastKnownFileType = sourcecode.swift; path = ViewController.swift; sourceTree = "<group>"; };
		6B1432B11D85926200DE1D60 /* Base */ = {isa = PBXFileReference; lastKnownFileType = file.storyboard; name = Base; path = Base.lproj/Main.storyboard; sourceTree = "<group>"; };
		6B1432B31D85926200DE1D60 /* Assets.xcassets */ = {isa = PBXFileReference; lastKnownFileType = folder.assetcatalog; path = Assets.xcassets; sourceTree = "<group>"; };
		6B1432B61D85926200DE1D60 /* Base */ = {isa = PBXFileReference; lastKnownFileType = file.storyboard; name = Base; path = Base.lproj/LaunchScreen.storyboard; sourceTree = "<group>"; };
		6B1432B81D85926200DE1D60 /* Info.plist */ = {isa = PBXFileReference; lastKnownFileType = text.plist.xml; path = Info.plist; sourceTree = "<group>"; };
		6B1432BE1D8592BF00DE1D60 /* ViewControllerA.swift */ = {isa = PBXFileReference; fileEncoding = 4; lastKnownFileType = sourcecode.swift; path = ViewControllerA.swift; sourceTree = "<group>"; };
/* End PBXFileReference section */

/* Begin PBXFrameworksBuildPhase section */
		6B1432A61D85926200DE1D60 /* Frameworks */ = {
			isa = PBXFrameworksBuildPhase;
			buildActionMask = 2147483647;
			files = (
			);
			runOnlyForDeploymentPostprocessing = 0;
		};
/* End PBXFrameworksBuildPhase section */

/* Begin PBXGroup section */
		6B1432A01D85926200DE1D60 = {
			isa = PBXGroup;
			children = (
				6B1432AB1D85926200DE1D60 /* ProtocolDemo */,
				6B1432AA1D85926200DE1D60 /* Products */,
			);
			sourceTree = "<group>";
		};
		6B1432AA1D85926200DE1D60 /* Products */ = {
			isa = PBXGroup;
			children = (
				6B1432A91D85926200DE1D60 /* ProtocolDemo.app */,
			);
			name = Products;
			sourceTree = "<group>";
		};
		6B1432AB1D85926200DE1D60 /* ProtocolDemo */ = {
			isa = PBXGroup;
			children = (
				6B1432AC1D85926200DE1D60 /* AppDelegate.swift */,
				6B1432AE1D85926200DE1D60 /* ViewController.swift */,
				6B1432B01D85926200DE1D60 /* Main.storyboard */,
				6B1432B31D85926200DE1D60 /* Assets.xcassets */,
				6B1432B51D85926200DE1D60 /* LaunchScreen.storyboard */,
				6B1432B81D85926200DE1D60 /* Info.plist */,
				6B1432BE1D8592BF00DE1D60 /* ViewControllerA.swift */,
			);
			path = ProtocolDemo;
			sourceTree = "<group>";
		};
/* End PBXGroup section */

/* Begin PBXNativeTarget section */
		6B1432A81D85926200DE1D60 /* ProtocolDemo */ = {
			isa = PBXNativeTarget;
			buildConfigurationList = 6B1432BB1D85926200DE1D60 /* Build configuration list for PBXNativeTarget "ProtocolDemo" */;
			buildPhases = (
				6B1432A51D85926200DE1D60 /* Sources */,
				6B1432A61D85926200DE1D60 /* Frameworks */,
				6B1432A71D85926200DE1D60 /* Resources */,
			);
			buildRules = (
			);
			dependencies = (
			);
			name = ProtocolDemo;
			productName = ProtocolDemo;
			productReference = 6B1432A91D85926200DE1D60 /* ProtocolDemo.app */;
			productType = "com.apple.product-type.application";
		};
/* End PBXNativeTarget section */

/* Begin PBXProject section */
		6B1432A11D85926200DE1D60 /* Project object */ = {
			isa = PBXProject;
			attributes = {
				LastSwiftUpdateCheck = 0730;
				LastUpgradeCheck = 0730;
				ORGANIZATIONNAME = JLS;
				TargetAttributes = {
					6B1432A81D85926200DE1D60 = {
						CreatedOnToolsVersion = 7.3.1;
						LastSwiftMigration = 0810;
					};
				};
			};
			buildConfigurationList = 6B1432A41D85926200DE1D60 /* Build configuration list for PBXProject "ProtocolDemo" */;
			compatibilityVersion = "Xcode 3.2";
			developmentRegion = English;
			hasScannedForEncodings = 0;
			knownRegions = (
				en,
				Base,
			);
			mainGroup = 6B1432A01D85926200DE1D60;
			productRefGroup = 6B1432AA1D85926200DE1D60 /* Products */;
			projectDirPath = "";
			projectRoot = "";
			targets = (
				6B1432A81D85926200DE1D60 /* ProtocolDemo */,
			);
		};
/* End PBXProject section */

/* Begin PBXResourcesBuildPhase section */
		6B1432A71D85926200DE1D60 /* Resources */ = {
			isa = PBXResourcesBuildPhase;
			buildActionMask = 2147483647;
			files = (
				6B1432B71D85926200DE1D60 /* LaunchScreen.storyboard in Resources */,
				6B1432B41D85926200DE1D60 /* Assets.xcassets in Resources */,
				6B1432B21D85926200DE1D60 /* Main.storyboard in Resources */,
			);
			runOnlyForDeploymentPostprocessing = 0;
		};
/* End PBXResourcesBuildPhase section */

/* Begin PBXSourcesBuildPhase section */
		6B1432A51D85926200DE1D60 /* Sources */ = {
			isa = PBXSourcesBuildPhase;
			buildActionMask = 2147483647;
			files = (
				6B1432AF1D85926200DE1D60 /* ViewController.swift in Sources */,
				6B1432BF1D8592BF00DE1D60 /* ViewControllerA.swift in Sources */,
				6B1432AD1D85926200DE1D60 /* AppDelegate.swift in Sources */,
			);
			runOnlyForDeploymentPostprocessing = 0;
		};
/* End PBXSourcesBuildPhase section */

/* Begin PBXVariantGroup section */
		6B1432B01D85926200DE1D60 /* Main.storyboard */ = {
			isa = PBXVariantGroup;
			children = (
				6B1432B11D85926200DE1D60 /* Base */,
			);
			name = Main.storyboard;
			sourceTree = "<group>";
		};
		6B1432B51D85926200DE1D60 /* LaunchScreen.storyboard */ = {
			isa = PBXVariantGroup;
			children = (
				6B1432B61D85926200DE1D60 /* Base */,
			);
			name = LaunchScreen.storyboard;
			sourceTree = "<group>";
		};
/* End PBXVariantGroup section */

/* Begin XCBuildConfiguration section */
		6B1432B91D85926200DE1D60 /* Debug */ = {
			isa = XCBuildConfiguration;
			buildSettings = {
				ALWAYS_SEARCH_USER_PATHS = NO;
				CLANG_ANALYZER_NONNULL = YES;
				CLANG_CXX_LANGUAGE_STANDARD = "gnu++0x";
				CLANG_CXX_LIBRARY = "libc++";
				CLANG_ENABLE_MODULES = YES;
				CLANG_ENABLE_OBJC_ARC = YES;
				CLANG_WARN_BOOL_CONVERSION = YES;
				CLANG_WARN_CONSTANT_CONVERSION = YES;
				CLANG_WARN_DIRECT_OBJC_ISA_USAGE = YES_ERROR;
				CLANG_WARN_EMPTY_BODY = YES;
				CLANG_WARN_ENUM_CONVERSION = YES;
				CLANG_WARN_INT_CONVERSION = YES;
				CLANG_WARN_OBJC_ROOT_CLASS = YES_ERROR;
				CLANG_WARN_UNREACHABLE_CODE = YES;
				CLANG_WARN__DUPLICATE_METHOD_MATCH = YES;
				"CODE_SIGN_IDENTITY[sdk=iphoneos*]" = "iPhone Developer";
				COPY_PHASE_STRIP = NO;
				DEBUG_INFORMATION_FORMAT = dwarf;
				ENABLE_STRICT_OBJC_MSGSEND = YES;
				ENABLE_TESTABILITY = YES;
				GCC_C_LANGUAGE_STANDARD = gnu99;
				GCC_DYNAMIC_NO_PIC = NO;
				GCC_NO_COMMON_BLOCKS = YES;
				GCC_OPTIMIZATION_LEVEL = 0;
				GCC_PREPROCESSOR_DEFINITIONS = (
					"DEBUG=1",
					"$(inherited)",
				);
				GCC_WARN_64_TO_32_BIT_CONVERSION = YES;
				GCC_WARN_ABOUT_RETURN_TYPE = YES_ERROR;
				GCC_WARN_UNDECLARED_SELECTOR = YES;
				GCC_WARN_UNINITIALIZED_AUTOS = YES_AGGRESSIVE;
				GCC_WARN_UNUSED_FUNCTION = YES;
				GCC_WARN_UNUSED_VARIABLE = YES;
				IPHONEOS_DEPLOYMENT_TARGET = 9.3;
				MTL_ENABLE_DEBUG_INFO = YES;
				ONLY_ACTIVE_ARCH = YES;
				SDKROOT = iphoneos;
				SWIFT_OPTIMIZATION_LEVEL = "-Onone";
			};
			name = Debug;
		};
		6B1432BA1D85926200DE1D60 /* Release */ = {
			isa = XCBuildConfiguration;
			buildSettings = {
				ALWAYS_SEARCH_USER_PATHS = NO;
				CLANG_ANALYZER_NONNULL = YES;
				CLANG_CXX_LANGUAGE_STANDARD = "gnu++0x";
				CLANG_CXX_LIBRARY = "libc++";
				CLANG_ENABLE_MODULES = YES;
				CLANG_ENABLE_OBJC_ARC = YES;
				CLANG_WARN_BOOL_CONVERSION = YES;
				CLANG_WARN_CONSTANT_CONVERSION = YES;
				CLANG_WARN_DIRECT_OBJC_ISA_USAGE = YES_ERROR;
				CLANG_WARN_EMPTY_BODY = YES;
				CLANG_WARN_ENUM_CONVERSION = YES;
				CLANG_WARN_INT_CONVERSION = YES;
				CLANG_WARN_OBJC_ROOT_CLASS = YES_ERROR;
				CLANG_WARN_UNREACHABLE_CODE = YES;
				CLANG_WARN__DUPLICATE_METHOD_MATCH = YES;
				"CODE_SIGN_IDENTITY[sdk=iphoneos*]" = "iPhone Developer";
				COPY_PHASE_STRIP = NO;
				DEBUG_INFORMATION_FORMAT = "dwarf-with-dsym";
				ENABLE_NS_ASSERTIONS = NO;
				ENABLE_STRICT_OBJC_MSGSEND = YES;
				GCC_C_LANGUAGE_STANDARD = gnu99;
				GCC_NO_COMMON_BLOCKS = YES;
				GCC_WARN_64_TO_32_BIT_CONVERSION = YES;
				GCC_WARN_ABOUT_RETURN_TYPE = YES_ERROR;
				GCC_WARN_UNDECLARED_SELECTOR = YES;
				GCC_WARN_UNINITIALIZED_AUTOS = YES_AGGRESSIVE;
				GCC_WARN_UNUSED_FUNCTION = YES;
				GCC_WARN_UNUSED_VARIABLE = YES;
				IPHONEOS_DEPLOYMENT_TARGET = 9.3;
				MTL_ENABLE_DEBUG_INFO = NO;
				SDKROOT = iphoneos;
				VALIDATE_PRODUCT = YES;
			};
			name = Release;
		};
		6B1432BC1D85926200DE1D60 /* Debug */ = {
			isa = XCBuildConfiguration;
			buildSettings = {
				ASSETCATALOG_COMPILER_APPICON_NAME = AppIcon;
				INFOPLIST_FILE = ProtocolDemo/Info.plist;
				LD_RUNPATH_SEARCH_PATHS = "$(inherited) @executable_path/Frameworks";
				PRODUCT_BUNDLE_IDENTIFIER = JLS.ProtocolDemo;
				PRODUCT_NAME = "$(TARGET_NAME)";
				SWIFT_VERSION = 3.0;
			};
			name = Debug;
		};
		6B1432BD1D85926200DE1D60 /* Release */ = {
			isa = XCBuildConfiguration;
			buildSettings = {
				ASSETCATALOG_COMPILER_APPICON_NAME = AppIcon;
				INFOPLIST_FILE = ProtocolDemo/Info.plist;
				LD_RUNPATH_SEARCH_PATHS = "$(inherited) @executable_path/Frameworks";
				PRODUCT_BUNDLE_IDENTIFIER = JLS.ProtocolDemo;
				PRODUCT_NAME = "$(TARGET_NAME)";
				SWIFT_VERSION = 3.0;
			};
			name = Release;
		};
/* End XCBuildConfiguration section */

/* Begin XCConfigurationList section */
		6B1432A41D85926200DE1D60 /* Build configuration list for PBXProject "ProtocolDemo" */ = {
			isa = XCConfigurationList;
			buildConfigurations = (
				6B1432B91D85926200DE1D60 /* Debug */,
				6B1432BA1D85926200DE1D60 /* Release */,
			);
			defaultConfigurationIsVisible = 0;
			defaultConfigurationName = Release;
		};
		6B1432BB1D85926200DE1D60 /* Build configuration list for PBXNativeTarget "ProtocolDemo" */ = {
			isa = XCConfigurationList;
			buildConfigurations = (
				6B1432BC1D85926200DE1D60 /* Debug */,
				6B1432BD1D85926200DE1D60 /* Release */,
			);
			defaultConfigurationIsVisible = 0;
			defaultConfigurationName = Release;
		};
/* End XCConfigurationList section */
	};
	rootObject = 6B1432A11D85926200DE1D60 /* Project object */;
}
