// !$*UTF8*$!
{
	archiveVersion = 1;
	classes = {
	};
	objectVersion = 46;
	objects = {

/* Begin PBXBuildFile section */
		208ED6431E5A75B800DE4E02 /* AppDelegate.swift in Sources */ = {isa = PBXBuildFile; fileRef = 208ED6421E5A75B800DE4E02 /* AppDelegate.swift */; };
		208ED6451E5A75B800DE4E02 /* ViewController.swift in Sources */ = {isa = PBXBuildFile; fileRef = 208ED6441E5A75B800DE4E02 /* ViewController.swift */; };
		208ED6481E5A75B800DE4E02 /* Main.storyboard in Resources */ = {isa = PBXBuildFile; fileRef = 208ED6461E5A75B800DE4E02 /* Main.storyboard */; };
		208ED64A1E5A75B800DE4E02 /* Assets.xcassets in Resources */ = {isa = PBXBuildFile; fileRef = 208ED6491E5A75B800DE4E02 /* Assets.xcassets */; };
		208ED64D1E5A75B800DE4E02 /* LaunchScreen.storyboard in Resources */ = {isa = PBXBuildFile; fileRef = 208ED64B1E5A75B800DE4E02 /* LaunchScreen.storyboard */; };
		208ED6551E5A765E00DE4E02 /* Person.swift in Sources */ = {isa = PBXBuildFile; fileRef = 208ED6541E5A765E00DE4E02 /* Person.swift */; };
		208ED6571E5A771900DE4E02 /* Criteria.swift in Sources */ = {isa = PBXBuildFile; fileRef = 208ED6561E5A771900DE4E02 /* Criteria.swift */; };
		20990AD01E778D6500014A61 /* NormalMsgHandler.swift in Sources */ = {isa = PBXBuildFile; fileRef = 20990ACF1E778D6500014A61 /* NormalMsgHandler.swift */; };
		20990AD21E77942000014A61 /* FilterMsgHandler.swift in Sources */ = {isa = PBXBuildFile; fileRef = 20990AD11E77942000014A61 /* FilterMsgHandler.swift */; };
		20990AD41E77995700014A61 /* FilterChain.swift in Sources */ = {isa = PBXBuildFile; fileRef = 20990AD31E77995700014A61 /* FilterChain.swift */; };
/* End PBXBuildFile section */

/* Begin PBXFileReference section */
		208ED63F1E5A75B800DE4E02 /* FilterPattern.app */ = {isa = PBXFileReference; explicitFileType = wrapper.application; includeInIndex = 0; path = FilterPattern.app; sourceTree = BUILT_PRODUCTS_DIR; };
		208ED6421E5A75B800DE4E02 /* AppDelegate.swift */ = {isa = PBXFileReference; lastKnownFileType = sourcecode.swift; path = AppDelegate.swift; sourceTree = "<group>"; };
		208ED6441E5A75B800DE4E02 /* ViewController.swift */ = {isa = PBXFileReference; lastKnownFileType = sourcecode.swift; path = ViewController.swift; sourceTree = "<group>"; };
		208ED6471E5A75B800DE4E02 /* Base */ = {isa = PBXFileReference; lastKnownFileType = file.storyboard; name = Base; path = Base.lproj/Main.storyboard; sourceTree = "<group>"; };
		208ED6491E5A75B800DE4E02 /* Assets.xcassets */ = {isa = PBXFileReference; lastKnownFileType = folder.assetcatalog; path = Assets.xcassets; sourceTree = "<group>"; };
		208ED64C1E5A75B800DE4E02 /* Base */ = {isa = PBXFileReference; lastKnownFileType = file.storyboard; name = Base; path = Base.lproj/LaunchScreen.storyboard; sourceTree = "<group>"; };
		208ED64E1E5A75B800DE4E02 /* Info.plist */ = {isa = PBXFileReference; lastKnownFileType = text.plist.xml; path = Info.plist; sourceTree = "<group>"; };
		208ED6541E5A765E00DE4E02 /* Person.swift */ = {isa = PBXFileReference; fileEncoding = 4; lastKnownFileType = sourcecode.swift; path = Person.swift; sourceTree = "<group>"; };
		208ED6561E5A771900DE4E02 /* Criteria.swift */ = {isa = PBXFileReference; fileEncoding = 4; lastKnownFileType = sourcecode.swift; path = Criteria.swift; sourceTree = "<group>"; };
		20990ACF1E778D6500014A61 /* NormalMsgHandler.swift */ = {isa = PBXFileReference; fileEncoding = 4; lastKnownFileType = sourcecode.swift; path = NormalMsgHandler.swift; sourceTree = "<group>"; };
		20990AD11E77942000014A61 /* FilterMsgHandler.swift */ = {isa = PBXFileReference; fileEncoding = 4; lastKnownFileType = sourcecode.swift; path = FilterMsgHandler.swift; sourceTree = "<group>"; };
		20990AD31E77995700014A61 /* FilterChain.swift */ = {isa = PBXFileReference; fileEncoding = 4; lastKnownFileType = sourcecode.swift; path = FilterChain.swift; sourceTree = "<group>"; };
/* End PBXFileReference section */

/* Begin PBXFrameworksBuildPhase section */
		208ED63C1E5A75B700DE4E02 /* Frameworks */ = {
			isa = PBXFrameworksBuildPhase;
			buildActionMask = 2147483647;
			files = (
			);
			runOnlyForDeploymentPostprocessing = 0;
		};
/* End PBXFrameworksBuildPhase section */

/* Begin PBXGroup section */
		208ED6361E5A75B700DE4E02 = {
			isa = PBXGroup;
			children = (
				208ED6411E5A75B800DE4E02 /* FilterPattern */,
				208ED6401E5A75B800DE4E02 /* Products */,
			);
			sourceTree = "<group>";
		};
		208ED6401E5A75B800DE4E02 /* Products */ = {
			isa = PBXGroup;
			children = (
				208ED63F1E5A75B800DE4E02 /* FilterPattern.app */,
			);
			name = Products;
			sourceTree = "<group>";
		};
		208ED6411E5A75B800DE4E02 /* FilterPattern */ = {
			isa = PBXGroup;
			children = (
				208ED6421E5A75B800DE4E02 /* AppDelegate.swift */,
				208ED6441E5A75B800DE4E02 /* ViewController.swift */,
				208ED6461E5A75B800DE4E02 /* Main.storyboard */,
				208ED6491E5A75B800DE4E02 /* Assets.xcassets */,
				208ED64B1E5A75B800DE4E02 /* LaunchScreen.storyboard */,
				208ED64E1E5A75B800DE4E02 /* Info.plist */,
				208ED6541E5A765E00DE4E02 /* Person.swift */,
				208ED6561E5A771900DE4E02 /* Criteria.swift */,
				20990ACF1E778D6500014A61 /* NormalMsgHandler.swift */,
				20990AD11E77942000014A61 /* FilterMsgHandler.swift */,
				20990AD31E77995700014A61 /* FilterChain.swift */,
			);
			path = FilterPattern;
			sourceTree = "<group>";
		};
/* End PBXGroup section */

/* Begin PBXNativeTarget section */
		208ED63E1E5A75B700DE4E02 /* FilterPattern */ = {
			isa = PBXNativeTarget;
			buildConfigurationList = 208ED6511E5A75B800DE4E02 /* Build configuration list for PBXNativeTarget "FilterPattern" */;
			buildPhases = (
				208ED63B1E5A75B700DE4E02 /* Sources */,
				208ED63C1E5A75B700DE4E02 /* Frameworks */,
				208ED63D1E5A75B700DE4E02 /* Resources */,
			);
			buildRules = (
			);
			dependencies = (
			);
			name = FilterPattern;
			productName = FilterPattern;
			productReference = 208ED63F1E5A75B800DE4E02 /* FilterPattern.app */;
			productType = "com.apple.product-type.application";
		};
/* End PBXNativeTarget section */

/* Begin PBXProject section */
		208ED6371E5A75B700DE4E02 /* Project object */ = {
			isa = PBXProject;
			attributes = {
				LastSwiftUpdateCheck = 0820;
				LastUpgradeCheck = 0820;
				ORGANIZATIONNAME = JLS;
				TargetAttributes = {
					208ED63E1E5A75B700DE4E02 = {
						CreatedOnToolsVersion = 8.2.1;
						DevelopmentTeam = CZV446DQTU;
						ProvisioningStyle = Automatic;
					};
				};
			};
			buildConfigurationList = 208ED63A1E5A75B700DE4E02 /* Build configuration list for PBXProject "FilterPattern" */;
			compatibilityVersion = "Xcode 3.2";
			developmentRegion = English;
			hasScannedForEncodings = 0;
			knownRegions = (
				en,
				Base,
			);
			mainGroup = 208ED6361E5A75B700DE4E02;
			productRefGroup = 208ED6401E5A75B800DE4E02 /* Products */;
			projectDirPath = "";
			projectRoot = "";
			targets = (
				208ED63E1E5A75B700DE4E02 /* FilterPattern */,
			);
		};
/* End PBXProject section */

/* Begin PBXResourcesBuildPhase section */
		208ED63D1E5A75B700DE4E02 /* Resources */ = {
			isa = PBXResourcesBuildPhase;
			buildActionMask = 2147483647;
			files = (
				208ED64D1E5A75B800DE4E02 /* LaunchScreen.storyboard in Resources */,
				208ED64A1E5A75B800DE4E02 /* Assets.xcassets in Resources */,
				208ED6481E5A75B800DE4E02 /* Main.storyboard in Resources */,
			);
			runOnlyForDeploymentPostprocessing = 0;
		};
/* End PBXResourcesBuildPhase section */

/* Begin PBXSourcesBuildPhase section */
		208ED63B1E5A75B700DE4E02 /* Sources */ = {
			isa = PBXSourcesBuildPhase;
			buildActionMask = 2147483647;
			files = (
				208ED6571E5A771900DE4E02 /* Criteria.swift in Sources */,
				208ED6551E5A765E00DE4E02 /* Person.swift in Sources */,
				208ED6451E5A75B800DE4E02 /* ViewController.swift in Sources */,
				20990AD41E77995700014A61 /* FilterChain.swift in Sources */,
				20990AD01E778D6500014A61 /* NormalMsgHandler.swift in Sources */,
				20990AD21E77942000014A61 /* FilterMsgHandler.swift in Sources */,
				208ED6431E5A75B800DE4E02 /* AppDelegate.swift in Sources */,
			);
			runOnlyForDeploymentPostprocessing = 0;
		};
/* End PBXSourcesBuildPhase section */

/* Begin PBXVariantGroup section */
		208ED6461E5A75B800DE4E02 /* Main.storyboard */ = {
			isa = PBXVariantGroup;
			children = (
				208ED6471E5A75B800DE4E02 /* Base */,
			);
			name = Main.storyboard;
			sourceTree = "<group>";
		};
		208ED64B1E5A75B800DE4E02 /* LaunchScreen.storyboard */ = {
			isa = PBXVariantGroup;
			children = (
				208ED64C1E5A75B800DE4E02 /* Base */,
			);
			name = LaunchScreen.storyboard;
			sourceTree = "<group>";
		};
/* End PBXVariantGroup section */

/* Begin XCBuildConfiguration section */
		208ED64F1E5A75B800DE4E02 /* Debug */ = {
			isa = XCBuildConfiguration;
			buildSettings = {
				ALWAYS_SEARCH_USER_PATHS = NO;
				CLANG_ANALYZER_NONNULL = YES;
				CLANG_CXX_LANGUAGE_STANDARD = "gnu++0x";
				CLANG_CXX_LIBRARY = "libc++";
				CLANG_ENABLE_MODULES = YES;
				CLANG_ENABLE_OBJC_ARC = YES;
				CLANG_WARN_BOOL_CONVERSION = YES;
				CLANG_WARN_CONSTANT_CONVERSION = YES;
				CLANG_WARN_DIRECT_OBJC_ISA_USAGE = YES_ERROR;
				CLANG_WARN_DOCUMENTATION_COMMENTS = YES;
				CLANG_WARN_EMPTY_BODY = YES;
				CLANG_WARN_ENUM_CONVERSION = YES;
				CLANG_WARN_INFINITE_RECURSION = YES;
				CLANG_WARN_INT_CONVERSION = YES;
				CLANG_WARN_OBJC_ROOT_CLASS = YES_ERROR;
				CLANG_WARN_SUSPICIOUS_MOVE = YES;
				CLANG_WARN_UNREACHABLE_CODE = YES;
				CLANG_WARN__DUPLICATE_METHOD_MATCH = YES;
				"CODE_SIGN_IDENTITY[sdk=iphoneos*]" = "iPhone Developer";
				COPY_PHASE_STRIP = NO;
				DEBUG_INFORMATION_FORMAT = dwarf;
				ENABLE_STRICT_OBJC_MSGSEND = YES;
				ENABLE_TESTABILITY = YES;
				GCC_C_LANGUAGE_STANDARD = gnu99;
				GCC_DYNAMIC_NO_PIC = NO;
				GCC_NO_COMMON_BLOCKS = YES;
				GCC_OPTIMIZATION_LEVEL = 0;
				GCC_PREPROCESSOR_DEFINITIONS = (
					"DEBUG=1",
					"$(inherited)",
				);
				GCC_WARN_64_TO_32_BIT_CONVERSION = YES;
				GCC_WARN_ABOUT_RETURN_TYPE = YES_ERROR;
				GCC_WARN_UNDECLARED_SELECTOR = YES;
				GCC_WARN_UNINITIALIZED_AUTOS = YES_AGGRESSIVE;
				GCC_WARN_UNUSED_FUNCTION = YES;
				GCC_WARN_UNUSED_VARIABLE = YES;
				IPHONEOS_DEPLOYMENT_TARGET = 10.2;
				MTL_ENABLE_DEBUG_INFO = YES;
				ONLY_ACTIVE_ARCH = YES;
				SDKROOT = iphoneos;
				SWIFT_ACTIVE_COMPILATION_CONDITIONS = DEBUG;
				SWIFT_OPTIMIZATION_LEVEL = "-Onone";
				TARGETED_DEVICE_FAMILY = "1,2";
			};
			name = Debug;
		};
		208ED6501E5A75B800DE4E02 /* Release */ = {
			isa = XCBuildConfiguration;
			buildSettings = {
				ALWAYS_SEARCH_USER_PATHS = NO;
				CLANG_ANALYZER_NONNULL = YES;
				CLANG_CXX_LANGUAGE_STANDARD = "gnu++0x";
				CLANG_CXX_LIBRARY = "libc++";
				CLANG_ENABLE_MODULES = YES;
				CLANG_ENABLE_OBJC_ARC = YES;
				CLANG_WARN_BOOL_CONVERSION = YES;
				CLANG_WARN_CONSTANT_CONVERSION = YES;
				CLANG_WARN_DIRECT_OBJC_ISA_USAGE = YES_ERROR;
				CLANG_WARN_DOCUMENTATION_COMMENTS = YES;
				CLANG_WARN_EMPTY_BODY = YES;
				CLANG_WARN_ENUM_CONVERSION = YES;
				CLANG_WARN_INFINITE_RECURSION = YES;
				CLANG_WARN_INT_CONVERSION = YES;
				CLANG_WARN_OBJC_ROOT_CLASS = YES_ERROR;
				CLANG_WARN_SUSPICIOUS_MOVE = YES;
				CLANG_WARN_UNREACHABLE_CODE = YES;
				CLANG_WARN__DUPLICATE_METHOD_MATCH = YES;
				"CODE_SIGN_IDENTITY[sdk=iphoneos*]" = "iPhone Developer";
				COPY_PHASE_STRIP = NO;
				DEBUG_INFORMATION_FORMAT = "dwarf-with-dsym";
				ENABLE_NS_ASSERTIONS = NO;
				ENABLE_STRICT_OBJC_MSGSEND = YES;
				GCC_C_LANGUAGE_STANDARD = gnu99;
				GCC_NO_COMMON_BLOCKS = YES;
				GCC_WARN_64_TO_32_BIT_CONVERSION = YES;
				GCC_WARN_ABOUT_RETURN_TYPE = YES_ERROR;
				GCC_WARN_UNDECLARED_SELECTOR = YES;
				GCC_WARN_UNINITIALIZED_AUTOS = YES_AGGRESSIVE;
				GCC_WARN_UNUSED_FUNCTION = YES;
				GCC_WARN_UNUSED_VARIABLE = YES;
				IPHONEOS_DEPLOYMENT_TARGET = 10.2;
				MTL_ENABLE_DEBUG_INFO = NO;
				SDKROOT = iphoneos;
				SWIFT_OPTIMIZATION_LEVEL = "-Owholemodule";
				TARGETED_DEVICE_FAMILY = "1,2";
				VALIDATE_PRODUCT = YES;
			};
			name = Release;
		};
		208ED6521E5A75B800DE4E02 /* Debug */ = {
			isa = XCBuildConfiguration;
			buildSettings = {
				ASSETCATALOG_COMPILER_APPICON_NAME = AppIcon;
				DEVELOPMENT_TEAM = CZV446DQTU;
				INFOPLIST_FILE = FilterPattern/Info.plist;
				LD_RUNPATH_SEARCH_PATHS = "$(inherited) @executable_path/Frameworks";
				PRODUCT_BUNDLE_IDENTIFIER = Poly.FilterPattern;
				PRODUCT_NAME = "$(TARGET_NAME)";
				SWIFT_VERSION = 3.0;
			};
			name = Debug;
		};
		208ED6531E5A75B800DE4E02 /* Release */ = {
			isa = XCBuildConfiguration;
			buildSettings = {
				ASSETCATALOG_COMPILER_APPICON_NAME = AppIcon;
				DEVELOPMENT_TEAM = CZV446DQTU;
				INFOPLIST_FILE = FilterPattern/Info.plist;
				LD_RUNPATH_SEARCH_PATHS = "$(inherited) @executable_path/Frameworks";
				PRODUCT_BUNDLE_IDENTIFIER = Poly.FilterPattern;
				PRODUCT_NAME = "$(TARGET_NAME)";
				SWIFT_VERSION = 3.0;
			};
			name = Release;
		};
/* End XCBuildConfiguration section */

/* Begin XCConfigurationList section */
		208ED63A1E5A75B700DE4E02 /* Build configuration list for PBXProject "FilterPattern" */ = {
			isa = XCConfigurationList;
			buildConfigurations = (
				208ED64F1E5A75B800DE4E02 /* Debug */,
				208ED6501E5A75B800DE4E02 /* Release */,
			);
			defaultConfigurationIsVisible = 0;
			defaultConfigurationName = Release;
		};
		208ED6511E5A75B800DE4E02 /* Build configuration list for PBXNativeTarget "FilterPattern" */ = {
			isa = XCConfigurationList;
			buildConfigurations = (
				208ED6521E5A75B800DE4E02 /* Debug */,
				208ED6531E5A75B800DE4E02 /* Release */,
			);
			defaultConfigurationIsVisible = 0;
			defaultConfigurationName = Release;
		};
/* End XCConfigurationList section */
	};
	rootObject = 208ED6371E5A75B700DE4E02 /* Project object */;
}
