// !$*UTF8*$!
{
	archiveVersion = 1;
	classes = {
	};
	objectVersion = 46;
	objects = {

/* Begin PBXBuildFile section */
		6B55A0051EEFDE9C00B2B61B /* main.m in Sources */ = {isa = PBXBuildFile; fileRef = 6B55A0041EEFDE9C00B2B61B /* main.m */; };
		6B55A00D1EEFE4E200B2B61B /* Student.m in Sources */ = {isa = PBXBuildFile; fileRef = 6B55A00C1EEFE4E200B2B61B /* Student.m */; };
/* End PBXBuildFile section */

/* Begin PBXCopyFilesBuildPhase section */
		6B559FFF1EEFDE9C00B2B61B /* CopyFiles */ = {
			isa = PBXCopyFilesBuildPhase;
			buildActionMask = 2147483647;
			dstPath = /usr/share/man/man1/;
			dstSubfolderSpec = 0;
			files = (
			);
			runOnlyForDeploymentPostprocessing = 1;
		};
/* End PBXCopyFilesBuildPhase section */

/* Begin PBXFileReference section */
		6B55A0011EEFDE9C00B2B61B /* MsgForward */ = {isa = PBXFileReference; explicitFileType = "compiled.mach-o.executable"; includeInIndex = 0; path = MsgForward; sourceTree = BUILT_PRODUCTS_DIR; };
		6B55A0041EEFDE9C00B2B61B /* main.m */ = {isa = PBXFileReference; lastKnownFileType = sourcecode.c.objc; path = main.m; sourceTree = "<group>"; };
		6B55A00B1EEFE4E200B2B61B /* Student.h */ = {isa = PBXFileReference; fileEncoding = 4; lastKnownFileType = sourcecode.c.h; path = Student.h; sourceTree = "<group>"; };
		6B55A00C1EEFE4E200B2B61B /* Student.m */ = {isa = PBXFileReference; fileEncoding = 4; lastKnownFileType = sourcecode.c.objc; path = Student.m; sourceTree = "<group>"; };
/* End PBXFileReference section */

/* Begin PBXFrameworksBuildPhase section */
		6B559FFE1EEFDE9C00B2B61B /* Frameworks */ = {
			isa = PBXFrameworksBuildPhase;
			buildActionMask = 2147483647;
			files = (
			);
			runOnlyForDeploymentPostprocessing = 0;
		};
/* End PBXFrameworksBuildPhase section */

/* Begin PBXGroup section */
		6B559FF81EEFDE9C00B2B61B = {
			isa = PBXGroup;
			children = (
				6B55A0031EEFDE9C00B2B61B /* MsgForward */,
				6B55A0021EEFDE9C00B2B61B /* Products */,
			);
			sourceTree = "<group>";
		};
		6B55A0021EEFDE9C00B2B61B /* Products */ = {
			isa = PBXGroup;
			children = (
				6B55A0011EEFDE9C00B2B61B /* MsgForward */,
			);
			name = Products;
			sourceTree = "<group>";
		};
		6B55A0031EEFDE9C00B2B61B /* MsgForward */ = {
			isa = PBXGroup;
			children = (
				6B55A0041EEFDE9C00B2B61B /* main.m */,
				6B55A00B1EEFE4E200B2B61B /* Student.h */,
				6B55A00C1EEFE4E200B2B61B /* Student.m */,
			);
			path = MsgForward;
			sourceTree = "<group>";
		};
/* End PBXGroup section */

/* Begin PBXNativeTarget section */
		6B55A0001EEFDE9C00B2B61B /* MsgForward */ = {
			isa = PBXNativeTarget;
			buildConfigurationList = 6B55A0081EEFDE9C00B2B61B /* Build configuration list for PBXNativeTarget "MsgForward" */;
			buildPhases = (
				6B559FFD1EEFDE9C00B2B61B /* Sources */,
				6B559FFE1EEFDE9C00B2B61B /* Frameworks */,
				6B559FFF1EEFDE9C00B2B61B /* CopyFiles */,
			);
			buildRules = (
			);
			dependencies = (
			);
			name = MsgForward;
			productName = MsgForward;
			productReference = 6B55A0011EEFDE9C00B2B61B /* MsgForward */;
			productType = "com.apple.product-type.tool";
		};
/* End PBXNativeTarget section */

/* Begin PBXProject section */
		6B559FF91EEFDE9C00B2B61B /* Project object */ = {
			isa = PBXProject;
			attributes = {
				LastUpgradeCheck = 0830;
				ORGANIZATIONNAME = JLS;
				TargetAttributes = {
					6B55A0001EEFDE9C00B2B61B = {
						CreatedOnToolsVersion = 8.3.2;
						ProvisioningStyle = Automatic;
					};
				};
			};
			buildConfigurationList = 6B559FFC1EEFDE9C00B2B61B /* Build configuration list for PBXProject "MsgForward" */;
			compatibilityVersion = "Xcode 3.2";
			developmentRegion = English;
			hasScannedForEncodings = 0;
			knownRegions = (
				en,
			);
			mainGroup = 6B559FF81EEFDE9C00B2B61B;
			productRefGroup = 6B55A0021EEFDE9C00B2B61B /* Products */;
			projectDirPath = "";
			projectRoot = "";
			targets = (
				6B55A0001EEFDE9C00B2B61B /* MsgForward */,
			);
		};
/* End PBXProject section */

/* Begin PBXSourcesBuildPhase section */
		6B559FFD1EEFDE9C00B2B61B /* Sources */ = {
			isa = PBXSourcesBuildPhase;
			buildActionMask = 2147483647;
			files = (
				6B55A0051EEFDE9C00B2B61B /* main.m in Sources */,
				6B55A00D1EEFE4E200B2B61B /* Student.m in Sources */,
			);
			runOnlyForDeploymentPostprocessing = 0;
		};
/* End PBXSourcesBuildPhase section */

/* Begin XCBuildConfiguration section */
		6B55A0061EEFDE9C00B2B61B /* Debug */ = {
			isa = XCBuildConfiguration;
			buildSettings = {
				ALWAYS_SEARCH_USER_PATHS = NO;
				CLANG_ANALYZER_NONNULL = YES;
				CLANG_ANALYZER_NUMBER_OBJECT_CONVERSION = YES_AGGRESSIVE;
				CLANG_CXX_LANGUAGE_STANDARD = "gnu++0x";
				CLANG_CXX_LIBRARY = "libc++";
				CLANG_ENABLE_MODULES = YES;
				CLANG_ENABLE_OBJC_ARC = YES;
				CLANG_WARN_BOOL_CONVERSION = YES;
				CLANG_WARN_CONSTANT_CONVERSION = YES;
				CLANG_WARN_DIRECT_OBJC_ISA_USAGE = YES_ERROR;
				CLANG_WARN_DOCUMENTATION_COMMENTS = YES;
				CLANG_WARN_EMPTY_BODY = YES;
				CLANG_WARN_ENUM_CONVERSION = YES;
				CLANG_WARN_INFINITE_RECURSION = YES;
				CLANG_WARN_INT_CONVERSION = YES;
				CLANG_WARN_OBJC_ROOT_CLASS = YES_ERROR;
				CLANG_WARN_SUSPICIOUS_MOVE = YES;
				CLANG_WARN_UNREACHABLE_CODE = YES;
				CLANG_WARN__DUPLICATE_METHOD_MATCH = YES;
				CODE_SIGN_IDENTITY = "-";
				COPY_PHASE_STRIP = NO;
				DEBUG_INFORMATION_FORMAT = dwarf;
				ENABLE_STRICT_OBJC_MSGSEND = YES;
				ENABLE_TESTABILITY = YES;
				GCC_C_LANGUAGE_STANDARD = gnu99;
				GCC_DYNAMIC_NO_PIC = NO;
				GCC_NO_COMMON_BLOCKS = YES;
				GCC_OPTIMIZATION_LEVEL = 0;
				GCC_PREPROCESSOR_DEFINITIONS = (
					"DEBUG=1",
					"$(inherited)",
				);
				GCC_WARN_64_TO_32_BIT_CONVERSION = YES;
				GCC_WARN_ABOUT_RETURN_TYPE = YES_ERROR;
				GCC_WARN_UNDECLARED_SELECTOR = YES;
				GCC_WARN_UNINITIALIZED_AUTOS = YES_AGGRESSIVE;
				GCC_WARN_UNUSED_FUNCTION = YES;
				GCC_WARN_UNUSED_VARIABLE = YES;
				MACOSX_DEPLOYMENT_TARGET = 10.12;
				MTL_ENABLE_DEBUG_INFO = YES;
				ONLY_ACTIVE_ARCH = YES;
				SDKROOT = macosx;
			};
			name = Debug;
		};
		6B55A0071EEFDE9C00B2B61B /* Release */ = {
			isa = XCBuildConfiguration;
			buildSettings = {
				ALWAYS_SEARCH_USER_PATHS = NO;
				CLANG_ANALYZER_NONNULL = YES;
				CLANG_ANALYZER_NUMBER_OBJECT_CONVERSION = YES_AGGRESSIVE;
				CLANG_CXX_LANGUAGE_STANDARD = "gnu++0x";
				CLANG_CXX_LIBRARY = "libc++";
				CLANG_ENABLE_MODULES = YES;
				CLANG_ENABLE_OBJC_ARC = YES;
				CLANG_WARN_BOOL_CONVERSION = YES;
				CLANG_WARN_CONSTANT_CONVERSION = YES;
				CLANG_WARN_DIRECT_OBJC_ISA_USAGE = YES_ERROR;
				CLANG_WARN_DOCUMENTATION_COMMENTS = YES;
				CLANG_WARN_EMPTY_BODY = YES;
				CLANG_WARN_ENUM_CONVERSION = YES;
				CLANG_WARN_INFINITE_RECURSION = YES;
				CLANG_WARN_INT_CONVERSION = YES;
				CLANG_WARN_OBJC_ROOT_CLASS = YES_ERROR;
				CLANG_WARN_SUSPICIOUS_MOVE = YES;
				CLANG_WARN_UNREACHABLE_CODE = YES;
				CLANG_WARN__DUPLICATE_METHOD_MATCH = YES;
				CODE_SIGN_IDENTITY = "-";
				COPY_PHASE_STRIP = NO;
				DEBUG_INFORMATION_FORMAT = "dwarf-with-dsym";
				ENABLE_NS_ASSERTIONS = NO;
				ENABLE_STRICT_OBJC_MSGSEND = YES;
				GCC_C_LANGUAGE_STANDARD = gnu99;
				GCC_NO_COMMON_BLOCKS = YES;
				GCC_WARN_64_TO_32_BIT_CONVERSION = YES;
				GCC_WARN_ABOUT_RETURN_TYPE = YES_ERROR;
				GCC_WARN_UNDECLARED_SELECTOR = YES;
				GCC_WARN_UNINITIALIZED_AUTOS = YES_AGGRESSIVE;
				GCC_WARN_UNUSED_FUNCTION = YES;
				GCC_WARN_UNUSED_VARIABLE = YES;
				MACOSX_DEPLOYMENT_TARGET = 10.12;
				MTL_ENABLE_DEBUG_INFO = NO;
				SDKROOT = macosx;
			};
			name = Release;
		};
		6B55A0091EEFDE9C00B2B61B /* Debug */ = {
			isa = XCBuildConfiguration;
			buildSettings = {
				ENABLE_STRICT_OBJC_MSGSEND = NO;
				GCC_WARN_UNDECLARED_SELECTOR = NO;
				PRODUCT_NAME = "$(TARGET_NAME)";
			};
			name = Debug;
		};
		6B55A00A1EEFDE9C00B2B61B /* Release */ = {
			isa = XCBuildConfiguration;
			buildSettings = {
				ENABLE_STRICT_OBJC_MSGSEND = NO;
				GCC_WARN_UNDECLARED_SELECTOR = NO;
				PRODUCT_NAME = "$(TARGET_NAME)";
			};
			name = Release;
		};
/* End XCBuildConfiguration section */

/* Begin XCConfigurationList section */
		6B559FFC1EEFDE9C00B2B61B /* Build configuration list for PBXProject "MsgForward" */ = {
			isa = XCConfigurationList;
			buildConfigurations = (
				6B55A0061EEFDE9C00B2B61B /* Debug */,
				6B55A0071EEFDE9C00B2B61B /* Release */,
			);
			defaultConfigurationIsVisible = 0;
			defaultConfigurationName = Release;
		};
		6B55A0081EEFDE9C00B2B61B /* Build configuration list for PBXNativeTarget "MsgForward" */ = {
			isa = XCConfigurationList;
			buildConfigurations = (
				6B55A0091EEFDE9C00B2B61B /* Debug */,
				6B55A00A1EEFDE9C00B2B61B /* Release */,
			);
			defaultConfigurationIsVisible = 0;
		};
/* End XCConfigurationList section */
	};
	rootObject = 6B559FF91EEFDE9C00B2B61B /* Project object */;
}
