// !$*UTF8*$!
{
	archiveVersion = 1;
	classes = {
	};
	objectVersion = 46;
	objects = {

/* Begin PBXBuildFile section */
		2090039B1E57DD04007B5C94 /* AppDelegate.swift in Sources */ = {isa = PBXBuildFile; fileRef = 2090039A1E57DD04007B5C94 /* AppDelegate.swift */; };
		2090039D1E57DD04007B5C94 /* ViewController.swift in Sources */ = {isa = PBXBuildFile; fileRef = 2090039C1E57DD04007B5C94 /* ViewController.swift */; };
		209003A01E57DD04007B5C94 /* Main.storyboard in Resources */ = {isa = PBXBuildFile; fileRef = 2090039E1E57DD04007B5C94 /* Main.storyboard */; };
		209003A21E57DD04007B5C94 /* Assets.xcassets in Resources */ = {isa = PBXBuildFile; fileRef = 209003A11E57DD04007B5C94 /* Assets.xcassets */; };
		209003A51E57DD04007B5C94 /* LaunchScreen.storyboard in Resources */ = {isa = PBXBuildFile; fileRef = 209003A31E57DD04007B5C94 /* LaunchScreen.storyboard */; };
		209003AD1E57DDE7007B5C94 /* MediaPlayer.swift in Sources */ = {isa = PBXBuildFile; fileRef = 209003AC1E57DDE7007B5C94 /* MediaPlayer.swift */; };
		209003B11E57E93A007B5C94 /* AudioPlayer.swift in Sources */ = {isa = PBXBuildFile; fileRef = 209003B01E57E93A007B5C94 /* AudioPlayer.swift */; };
/* End PBXBuildFile section */

/* Begin PBXFileReference section */
		209003971E57DD04007B5C94 /* AdapterPattern.app */ = {isa = PBXFileReference; explicitFileType = wrapper.application; includeInIndex = 0; path = AdapterPattern.app; sourceTree = BUILT_PRODUCTS_DIR; };
		2090039A1E57DD04007B5C94 /* AppDelegate.swift */ = {isa = PBXFileReference; lastKnownFileType = sourcecode.swift; path = AppDelegate.swift; sourceTree = "<group>"; };
		2090039C1E57DD04007B5C94 /* ViewController.swift */ = {isa = PBXFileReference; lastKnownFileType = sourcecode.swift; path = ViewController.swift; sourceTree = "<group>"; };
		2090039F1E57DD04007B5C94 /* Base */ = {isa = PBXFileReference; lastKnownFileType = file.storyboard; name = Base; path = Base.lproj/Main.storyboard; sourceTree = "<group>"; };
		209003A11E57DD04007B5C94 /* Assets.xcassets */ = {isa = PBXFileReference; lastKnownFileType = folder.assetcatalog; path = Assets.xcassets; sourceTree = "<group>"; };
		209003A41E57DD04007B5C94 /* Base */ = {isa = PBXFileReference; lastKnownFileType = file.storyboard; name = Base; path = Base.lproj/LaunchScreen.storyboard; sourceTree = "<group>"; };
		209003A61E57DD04007B5C94 /* Info.plist */ = {isa = PBXFileReference; lastKnownFileType = text.plist.xml; path = Info.plist; sourceTree = "<group>"; };
		209003AC1E57DDE7007B5C94 /* MediaPlayer.swift */ = {isa = PBXFileReference; fileEncoding = 4; lastKnownFileType = sourcecode.swift; path = MediaPlayer.swift; sourceTree = "<group>"; };
		209003B01E57E93A007B5C94 /* AudioPlayer.swift */ = {isa = PBXFileReference; fileEncoding = 4; lastKnownFileType = sourcecode.swift; path = AudioPlayer.swift; sourceTree = "<group>"; };
/* End PBXFileReference section */

/* Begin PBXFrameworksBuildPhase section */
		209003941E57DD04007B5C94 /* Frameworks */ = {
			isa = PBXFrameworksBuildPhase;
			buildActionMask = 2147483647;
			files = (
			);
			runOnlyForDeploymentPostprocessing = 0;
		};
/* End PBXFrameworksBuildPhase section */

/* Begin PBXGroup section */
		2090038E1E57DD04007B5C94 = {
			isa = PBXGroup;
			children = (
				209003991E57DD04007B5C94 /* AdapterPattern */,
				209003981E57DD04007B5C94 /* Products */,
			);
			sourceTree = "<group>";
		};
		209003981E57DD04007B5C94 /* Products */ = {
			isa = PBXGroup;
			children = (
				209003971E57DD04007B5C94 /* AdapterPattern.app */,
			);
			name = Products;
			sourceTree = "<group>";
		};
		209003991E57DD04007B5C94 /* AdapterPattern */ = {
			isa = PBXGroup;
			children = (
				2090039A1E57DD04007B5C94 /* AppDelegate.swift */,
				2090039C1E57DD04007B5C94 /* ViewController.swift */,
				2090039E1E57DD04007B5C94 /* Main.storyboard */,
				209003A11E57DD04007B5C94 /* Assets.xcassets */,
				209003A31E57DD04007B5C94 /* LaunchScreen.storyboard */,
				209003A61E57DD04007B5C94 /* Info.plist */,
				209003AC1E57DDE7007B5C94 /* MediaPlayer.swift */,
				209003B01E57E93A007B5C94 /* AudioPlayer.swift */,
			);
			path = AdapterPattern;
			sourceTree = "<group>";
		};
/* End PBXGroup section */

/* Begin PBXNativeTarget section */
		209003961E57DD04007B5C94 /* AdapterPattern */ = {
			isa = PBXNativeTarget;
			buildConfigurationList = 209003A91E57DD04007B5C94 /* Build configuration list for PBXNativeTarget "AdapterPattern" */;
			buildPhases = (
				209003931E57DD04007B5C94 /* Sources */,
				209003941E57DD04007B5C94 /* Frameworks */,
				209003951E57DD04007B5C94 /* Resources */,
			);
			buildRules = (
			);
			dependencies = (
			);
			name = AdapterPattern;
			productName = AdapterPattern;
			productReference = 209003971E57DD04007B5C94 /* AdapterPattern.app */;
			productType = "com.apple.product-type.application";
		};
/* End PBXNativeTarget section */

/* Begin PBXProject section */
		2090038F1E57DD04007B5C94 /* Project object */ = {
			isa = PBXProject;
			attributes = {
				LastSwiftUpdateCheck = 0820;
				LastUpgradeCheck = 0820;
				ORGANIZATIONNAME = JLS;
				TargetAttributes = {
					209003961E57DD04007B5C94 = {
						CreatedOnToolsVersion = 8.2.1;
						DevelopmentTeam = CZV446DQTU;
						ProvisioningStyle = Automatic;
					};
				};
			};
			buildConfigurationList = 209003921E57DD04007B5C94 /* Build configuration list for PBXProject "AdapterPattern" */;
			compatibilityVersion = "Xcode 3.2";
			developmentRegion = English;
			hasScannedForEncodings = 0;
			knownRegions = (
				en,
				Base,
			);
			mainGroup = 2090038E1E57DD04007B5C94;
			productRefGroup = 209003981E57DD04007B5C94 /* Products */;
			projectDirPath = "";
			projectRoot = "";
			targets = (
				209003961E57DD04007B5C94 /* AdapterPattern */,
			);
		};
/* End PBXProject section */

/* Begin PBXResourcesBuildPhase section */
		209003951E57DD04007B5C94 /* Resources */ = {
			isa = PBXResourcesBuildPhase;
			buildActionMask = 2147483647;
			files = (
				209003A51E57DD04007B5C94 /* LaunchScreen.storyboard in Resources */,
				209003A21E57DD04007B5C94 /* Assets.xcassets in Resources */,
				209003A01E57DD04007B5C94 /* Main.storyboard in Resources */,
			);
			runOnlyForDeploymentPostprocessing = 0;
		};
/* End PBXResourcesBuildPhase section */

/* Begin PBXSourcesBuildPhase section */
		209003931E57DD04007B5C94 /* Sources */ = {
			isa = PBXSourcesBuildPhase;
			buildActionMask = 2147483647;
			files = (
				2090039D1E57DD04007B5C94 /* ViewController.swift in Sources */,
				2090039B1E57DD04007B5C94 /* AppDelegate.swift in Sources */,
				209003B11E57E93A007B5C94 /* AudioPlayer.swift in Sources */,
				209003AD1E57DDE7007B5C94 /* MediaPlayer.swift in Sources */,
			);
			runOnlyForDeploymentPostprocessing = 0;
		};
/* End PBXSourcesBuildPhase section */

/* Begin PBXVariantGroup section */
		2090039E1E57DD04007B5C94 /* Main.storyboard */ = {
			isa = PBXVariantGroup;
			children = (
				2090039F1E57DD04007B5C94 /* Base */,
			);
			name = Main.storyboard;
			sourceTree = "<group>";
		};
		209003A31E57DD04007B5C94 /* LaunchScreen.storyboard */ = {
			isa = PBXVariantGroup;
			children = (
				209003A41E57DD04007B5C94 /* Base */,
			);
			name = LaunchScreen.storyboard;
			sourceTree = "<group>";
		};
/* End PBXVariantGroup section */

/* Begin XCBuildConfiguration section */
		209003A71E57DD04007B5C94 /* Debug */ = {
			isa = XCBuildConfiguration;
			buildSettings = {
				ALWAYS_SEARCH_USER_PATHS = NO;
				CLANG_ANALYZER_NONNULL = YES;
				CLANG_CXX_LANGUAGE_STANDARD = "gnu++0x";
				CLANG_CXX_LIBRARY = "libc++";
				CLANG_ENABLE_MODULES = YES;
				CLANG_ENABLE_OBJC_ARC = YES;
				CLANG_WARN_BOOL_CONVERSION = YES;
				CLANG_WARN_CONSTANT_CONVERSION = YES;
				CLANG_WARN_DIRECT_OBJC_ISA_USAGE = YES_ERROR;
				CLANG_WARN_DOCUMENTATION_COMMENTS = YES;
				CLANG_WARN_EMPTY_BODY = YES;
				CLANG_WARN_ENUM_CONVERSION = YES;
				CLANG_WARN_INFINITE_RECURSION = YES;
				CLANG_WARN_INT_CONVERSION = YES;
				CLANG_WARN_OBJC_ROOT_CLASS = YES_ERROR;
				CLANG_WARN_SUSPICIOUS_MOVE = YES;
				CLANG_WARN_UNREACHABLE_CODE = YES;
				CLANG_WARN__DUPLICATE_METHOD_MATCH = YES;
				"CODE_SIGN_IDENTITY[sdk=iphoneos*]" = "iPhone Developer";
				COPY_PHASE_STRIP = NO;
				DEBUG_INFORMATION_FORMAT = dwarf;
				ENABLE_STRICT_OBJC_MSGSEND = YES;
				ENABLE_TESTABILITY = YES;
				GCC_C_LANGUAGE_STANDARD = gnu99;
				GCC_DYNAMIC_NO_PIC = NO;
				GCC_NO_COMMON_BLOCKS = YES;
				GCC_OPTIMIZATION_LEVEL = 0;
				GCC_PREPROCESSOR_DEFINITIONS = (
					"DEBUG=1",
					"$(inherited)",
				);
				GCC_WARN_64_TO_32_BIT_CONVERSION = YES;
				GCC_WARN_ABOUT_RETURN_TYPE = YES_ERROR;
				GCC_WARN_UNDECLARED_SELECTOR = YES;
				GCC_WARN_UNINITIALIZED_AUTOS = YES_AGGRESSIVE;
				GCC_WARN_UNUSED_FUNCTION = YES;
				GCC_WARN_UNUSED_VARIABLE = YES;
				IPHONEOS_DEPLOYMENT_TARGET = 10.2;
				MTL_ENABLE_DEBUG_INFO = YES;
				ONLY_ACTIVE_ARCH = YES;
				SDKROOT = iphoneos;
				SWIFT_ACTIVE_COMPILATION_CONDITIONS = DEBUG;
				SWIFT_OPTIMIZATION_LEVEL = "-Onone";
				TARGETED_DEVICE_FAMILY = "1,2";
			};
			name = Debug;
		};
		209003A81E57DD04007B5C94 /* Release */ = {
			isa = XCBuildConfiguration;
			buildSettings = {
				ALWAYS_SEARCH_USER_PATHS = NO;
				CLANG_ANALYZER_NONNULL = YES;
				CLANG_CXX_LANGUAGE_STANDARD = "gnu++0x";
				CLANG_CXX_LIBRARY = "libc++";
				CLANG_ENABLE_MODULES = YES;
				CLANG_ENABLE_OBJC_ARC = YES;
				CLANG_WARN_BOOL_CONVERSION = YES;
				CLANG_WARN_CONSTANT_CONVERSION = YES;
				CLANG_WARN_DIRECT_OBJC_ISA_USAGE = YES_ERROR;
				CLANG_WARN_DOCUMENTATION_COMMENTS = YES;
				CLANG_WARN_EMPTY_BODY = YES;
				CLANG_WARN_ENUM_CONVERSION = YES;
				CLANG_WARN_INFINITE_RECURSION = YES;
				CLANG_WARN_INT_CONVERSION = YES;
				CLANG_WARN_OBJC_ROOT_CLASS = YES_ERROR;
				CLANG_WARN_SUSPICIOUS_MOVE = YES;
				CLANG_WARN_UNREACHABLE_CODE = YES;
				CLANG_WARN__DUPLICATE_METHOD_MATCH = YES;
				"CODE_SIGN_IDENTITY[sdk=iphoneos*]" = "iPhone Developer";
				COPY_PHASE_STRIP = NO;
				DEBUG_INFORMATION_FORMAT = "dwarf-with-dsym";
				ENABLE_NS_ASSERTIONS = NO;
				ENABLE_STRICT_OBJC_MSGSEND = YES;
				GCC_C_LANGUAGE_STANDARD = gnu99;
				GCC_NO_COMMON_BLOCKS = YES;
				GCC_WARN_64_TO_32_BIT_CONVERSION = YES;
				GCC_WARN_ABOUT_RETURN_TYPE = YES_ERROR;
				GCC_WARN_UNDECLARED_SELECTOR = YES;
				GCC_WARN_UNINITIALIZED_AUTOS = YES_AGGRESSIVE;
				GCC_WARN_UNUSED_FUNCTION = YES;
				GCC_WARN_UNUSED_VARIABLE = YES;
				IPHONEOS_DEPLOYMENT_TARGET = 10.2;
				MTL_ENABLE_DEBUG_INFO = NO;
				SDKROOT = iphoneos;
				SWIFT_OPTIMIZATION_LEVEL = "-Owholemodule";
				TARGETED_DEVICE_FAMILY = "1,2";
				VALIDATE_PRODUCT = YES;
			};
			name = Release;
		};
		209003AA1E57DD04007B5C94 /* Debug */ = {
			isa = XCBuildConfiguration;
			buildSettings = {
				ASSETCATALOG_COMPILER_APPICON_NAME = AppIcon;
				DEVELOPMENT_TEAM = CZV446DQTU;
				INFOPLIST_FILE = AdapterPattern/Info.plist;
				LD_RUNPATH_SEARCH_PATHS = "$(inherited) @executable_path/Frameworks";
				PRODUCT_BUNDLE_IDENTIFIER = Poly.AdapterPattern;
				PRODUCT_NAME = "$(TARGET_NAME)";
				SWIFT_VERSION = 3.0;
			};
			name = Debug;
		};
		209003AB1E57DD04007B5C94 /* Release */ = {
			isa = XCBuildConfiguration;
			buildSettings = {
				ASSETCATALOG_COMPILER_APPICON_NAME = AppIcon;
				DEVELOPMENT_TEAM = CZV446DQTU;
				INFOPLIST_FILE = AdapterPattern/Info.plist;
				LD_RUNPATH_SEARCH_PATHS = "$(inherited) @executable_path/Frameworks";
				PRODUCT_BUNDLE_IDENTIFIER = Poly.AdapterPattern;
				PRODUCT_NAME = "$(TARGET_NAME)";
				SWIFT_VERSION = 3.0;
			};
			name = Release;
		};
/* End XCBuildConfiguration section */

/* Begin XCConfigurationList section */
		209003921E57DD04007B5C94 /* Build configuration list for PBXProject "AdapterPattern" */ = {
			isa = XCConfigurationList;
			buildConfigurations = (
				209003A71E57DD04007B5C94 /* Debug */,
				209003A81E57DD04007B5C94 /* Release */,
			);
			defaultConfigurationIsVisible = 0;
			defaultConfigurationName = Release;
		};
		209003A91E57DD04007B5C94 /* Build configuration list for PBXNativeTarget "AdapterPattern" */ = {
			isa = XCConfigurationList;
			buildConfigurations = (
				209003AA1E57DD04007B5C94 /* Debug */,
				209003AB1E57DD04007B5C94 /* Release */,
			);
			defaultConfigurationIsVisible = 0;
		};
/* End XCConfigurationList section */
	};
	rootObject = 2090038F1E57DD04007B5C94 /* Project object */;
}
